{
  "originHash" : "65195e9b42ce0ad4bfee0a860db59ba6d10de201a46d185f484b503e4465c4ef",
  "pins" : [
    {
      "identity" : "amplify-swift",
      "kind" : "remoteSourceControl",
      "location" : "https://github.com/aws-amplify/amplify-swift",
      "state" : {
        "revision" : "6ea7a04b2824e716712381703407c7e00a48a96b",
        "version" : "2.43.0"
      }
    },
    {
      "identity" : "amplify-swift-utils-notifications",
      "kind" : "remoteSourceControl",
      "location" : "https://github.com/aws-amplify/amplify-swift-utils-notifications.git",
      "state" : {
        "revision" : "f970384ad1035732f99259255cd2f97564807e41",
        "version" : "1.1.0"
      }
    },
    {
      "identity" : "aws-crt-swift",
      "kind" : "remoteSourceControl",
      "location" : "https://github.com/awslabs/aws-crt-swift",
      "state" : {
        "revision" : "7b42e0343f28b3451aab20840dc670abd12790bd",
        "version" : "0.36.0"
      }
    },
    {
      "identity" : "aws-sdk-swift",
      "kind" : "remoteSourceControl",
      "location" : "https://github.com/awslabs/aws-sdk-swift.git",
      "state" : {
        "revision" : "828358a2c39d138325b0f87a2d813f4b972e5f4f",
        "version" : "1.0.0"
      }
    },
    {
      "identity" : "kingfisher",
      "kind" : "remoteSourceControl",
      "location" : "https://github.com/onevcat/Kingfisher.git",
      "state" : {
        "revision" : "add0a87ec4e31e2ca2a0b2085f0559201e4f5918",
        "version" : "7.10.1"
      }
    },
    {
      "identity" : "smithy-swift",
      "kind" : "remoteSourceControl",
      "location" : "https://github.com/smithy-lang/smithy-swift",
      "state" : {
        "revision" : "0ed3440f8c41e27a0937364d5035d2d4fefb8aa3",
        "version" : "0.71.0"
      }
    },
    {
      "identity" : "sqlite.swift",
      "kind" : "remoteSourceControl",
      "location" : "https://github.com/stephencelis/SQLite.swift.git",
      "state" : {
        "revision" : "a95fc6df17d108bd99210db5e8a9bac90fe984b8",
        "version" : "0.15.3"
      }
    },
    {
      "identity" : "swift-log",
      "kind" : "remoteSourceControl",
      "location" : "https://github.com/apple/swift-log.git",
      "state" : {
        "revision" : "532d8b529501fb73a2455b179e0bbb6d49b652ed",
        "version" : "1.5.3"
      }
    }
  ],
  "version" : 3
}
