// !$*UTF8*$!
{
	archiveVersion = 1;
	classes = {
	};
	objectVersion = 56;
	objects = {

/* Begin PBXBuildFile section */
		B611603F2B29589400489E95 /* CreateRewardsView.swift in Sources */ = {isa = PBXBuildFile; fileRef = B611603E2B29589400489E95 /* CreateRewardsView.swift */; };
		B61160412B2958A800489E95 /* CreateRewardsViewModel.swift in Sources */ = {isa = PBXBuildFile; fileRef = B61160402B2958A800489E95 /* CreateRewardsViewModel.swift */; };
		B61BE95D2ADCBD79003BC55B /* ToolbarModifier.swift in Sources */ = {isa = PBXBuildFile; fileRef = B61BE95C2ADCBD79003BC55B /* ToolbarModifier.swift */; };
		B61BE95F2ADCBE69003BC55B /* Toolbar.swift in Sources */ = {isa = PBXBuildFile; fileRef = B61BE95E2ADCBE69003BC55B /* Toolbar.swift */; };
		B61BE9622ADD29E0003BC55B /* AmplifyAuthService.swift in Sources */ = {isa = PBXBuildFile; fileRef = B61BE9612ADD29E0003BC55B /* AmplifyAuthService.swift */; };
		B61BE9672AE00FC8003BC55B /* LoadingState.swift in Sources */ = {isa = PBXBuildFile; fileRef = B61BE9662AE00FC8003BC55B /* LoadingState.swift */; };
		B61BE96A2AE0B6C2003BC55B /* HomeView.swift in Sources */ = {isa = PBXBuildFile; fileRef = B61BE9692AE0B6C2003BC55B /* HomeView.swift */; };
		B61BE96D2AE15E50003BC55B /* APIHandler.swift in Sources */ = {isa = PBXBuildFile; fileRef = B61BE96C2AE15E50003BC55B /* APIHandler.swift */; };
		B61E206A2AC9247000EF3CEB /* ICEApp.swift in Sources */ = {isa = PBXBuildFile; fileRef = B61E20692AC9247000EF3CEB /* ICEApp.swift */; };
		B61E206C2AC9247000EF3CEB /* ContentView.swift in Sources */ = {isa = PBXBuildFile; fileRef = B61E206B2AC9247000EF3CEB /* ContentView.swift */; };
		B61E206E2AC9247100EF3CEB /* Assets.xcassets in Resources */ = {isa = PBXBuildFile; fileRef = B61E206D2AC9247100EF3CEB /* Assets.xcassets */; };
		B61E20712AC9247100EF3CEB /* Preview Assets.xcassets in Resources */ = {isa = PBXBuildFile; fileRef = B61E20702AC9247100EF3CEB /* Preview Assets.xcassets */; };
		B61E207B2AC9247100EF3CEB /* ICETests.swift in Sources */ = {isa = PBXBuildFile; fileRef = B61E207A2AC9247100EF3CEB /* ICETests.swift */; };
		B61E20852AC9247100EF3CEB /* ICEUITests.swift in Sources */ = {isa = PBXBuildFile; fileRef = B61E20842AC9247100EF3CEB /* ICEUITests.swift */; };
		B61E20872AC9247100EF3CEB /* ICEUITestsLaunchTests.swift in Sources */ = {isa = PBXBuildFile; fileRef = B61E20862AC9247100EF3CEB /* ICEUITestsLaunchTests.swift */; };
		B62AAE022B08A6D1004862F2 /* Type.swift in Sources */ = {isa = PBXBuildFile; fileRef = B62AAE012B08A6D1004862F2 /* Type.swift */; };
		B62AAE0C2B099C5A004862F2 /* WhoGetsPaid.swift in Sources */ = {isa = PBXBuildFile; fileRef = B62AAE052B099C5A004862F2 /* WhoGetsPaid.swift */; };
		B62AAE0D2B099C5A004862F2 /* FrequencyType.swift in Sources */ = {isa = PBXBuildFile; fileRef = B62AAE062B099C5A004862F2 /* FrequencyType.swift */; };
		B62AAE102B099C5A004862F2 /* PeriodicType.swift in Sources */ = {isa = PBXBuildFile; fileRef = B62AAE092B099C5A004862F2 /* PeriodicType.swift */; };
		B62AAE182B09A161004862F2 /* Rewards+Schema.swift in Sources */ = {isa = PBXBuildFile; fileRef = B62AAE142B09A160004862F2 /* Rewards+Schema.swift */; };
		B62AAE192B09A161004862F2 /* Rewards.swift in Sources */ = {isa = PBXBuildFile; fileRef = B62AAE152B09A160004862F2 /* Rewards.swift */; };
		B62AAE1A2B09A161004862F2 /* Tasks.swift in Sources */ = {isa = PBXBuildFile; fileRef = B62AAE162B09A161004862F2 /* Tasks.swift */; };
		B62AAE1B2B09A161004862F2 /* Tasks+Schema.swift in Sources */ = {isa = PBXBuildFile; fileRef = B62AAE172B09A161004862F2 /* Tasks+Schema.swift */; };
		B62AAE1D2B09A1E4004862F2 /* TasksService.swift in Sources */ = {isa = PBXBuildFile; fileRef = B62AAE1C2B09A1E4004862F2 /* TasksService.swift */; };
		B62AAE1F2B09A24E004862F2 /* APIService.swift in Sources */ = {isa = PBXBuildFile; fileRef = B62AAE1E2B09A24E004862F2 /* APIService.swift */; };
		B62AAE222B0B4078004862F2 /* CreateTaskView.swift in Sources */ = {isa = PBXBuildFile; fileRef = B62AAE212B0B4078004862F2 /* CreateTaskView.swift */; };
		B62AAE242B0B408E004862F2 /* CreateTaskViewModel.swift in Sources */ = {isa = PBXBuildFile; fileRef = B62AAE232B0B408E004862F2 /* CreateTaskViewModel.swift */; };
		B62AAE2A2B143C6C004862F2 /* Image+.swift in Sources */ = {isa = PBXBuildFile; fileRef = B62AAE292B143C6C004862F2 /* Image+.swift */; };
		B62AAE2D2B144A53004862F2 /* EnumUtility.swift in Sources */ = {isa = PBXBuildFile; fileRef = B62AAE2C2B144A53004862F2 /* EnumUtility.swift */; };
		B62AAE2F2B144D39004862F2 /* General.swift in Sources */ = {isa = PBXBuildFile; fileRef = B62AAE2E2B144D39004862F2 /* General.swift */; };
		B62C9C8E2AE3BC570048A166 /* String+.swift in Sources */ = {isa = PBXBuildFile; fileRef = B62C9C8D2AE3BC570048A166 /* String+.swift */; };
		B62C9C902AE3BCBA0048A166 /* Caracter+.swift in Sources */ = {isa = PBXBuildFile; fileRef = B62C9C8F2AE3BCBA0048A166 /* Caracter+.swift */; };
		B62C9C922AE3C0300048A166 /* Regex.swift in Sources */ = {isa = PBXBuildFile; fileRef = B62C9C912AE3C0300048A166 /* Regex.swift */; };
		B62C9C942AE3C4E60048A166 /* ValidationModifier.swift in Sources */ = {isa = PBXBuildFile; fileRef = B62C9C932AE3C4E60048A166 /* ValidationModifier.swift */; };
		B62C9C962AE5116E0048A166 /* RootView.swift in Sources */ = {isa = PBXBuildFile; fileRef = B62C9C952AE5116E0048A166 /* RootView.swift */; };
		B62C9C982AE5FAB40048A166 /* HomeViewModel.swift in Sources */ = {isa = PBXBuildFile; fileRef = B62C9C972AE5FAB40048A166 /* HomeViewModel.swift */; };
		B64E1CC02AD38B5B00A876CC /* AppDelegate.swift in Sources */ = {isa = PBXBuildFile; fileRef = B64E1CBF2AD38B5B00A876CC /* AppDelegate.swift */; };
		B64E1CCD2AD38CC500A876CC /* AWSAPIPlugin in Frameworks */ = {isa = PBXBuildFile; productRef = B64E1CCC2AD38CC500A876CC /* AWSAPIPlugin */; };
		B64E1CCF2AD38CC500A876CC /* AWSCognitoAuthPlugin in Frameworks */ = {isa = PBXBuildFile; productRef = B64E1CCE2AD38CC500A876CC /* AWSCognitoAuthPlugin */; };
		B64E1CD12AD38CC500A876CC /* AWSPluginsCore in Frameworks */ = {isa = PBXBuildFile; productRef = B64E1CD02AD38CC500A876CC /* AWSPluginsCore */; };
		B64E1CD32AD38CC500A876CC /* Amplify in Frameworks */ = {isa = PBXBuildFile; productRef = B64E1CD22AD38CC500A876CC /* Amplify */; };
		B64E1CD72AD3923E00A876CC /* Error.swift in Sources */ = {isa = PBXBuildFile; fileRef = B64E1CD62AD3923E00A876CC /* Error.swift */; };
		B651F7552B01A3D400AE6FF6 /* PopupModifier.swift in Sources */ = {isa = PBXBuildFile; fileRef = B651F7542B01A3D400AE6FF6 /* PopupModifier.swift */; };
		B65C8E9F2B0870270083080D /* GroupDetailView.swift in Sources */ = {isa = PBXBuildFile; fileRef = B65C8E9E2B0870270083080D /* GroupDetailView.swift */; };
		B65C8EA12B0870480083080D /* GroupDetailViewModel.swift in Sources */ = {isa = PBXBuildFile; fileRef = B65C8EA02B0870480083080D /* GroupDetailViewModel.swift */; };
		B68565BB2AE94CE3002C8413 /* Loading.swift in Sources */ = {isa = PBXBuildFile; fileRef = B68565BA2AE94CE3002C8413 /* Loading.swift */; };
		B68565BD2AE94EBA002C8413 /* LoadingModifier.swift in Sources */ = {isa = PBXBuildFile; fileRef = B68565BC2AE94EBA002C8413 /* LoadingModifier.swift */; };
		B69A76C32AE3B6EF009228EC /* Validation.swift in Sources */ = {isa = PBXBuildFile; fileRef = B69A76C22AE3B6EF009228EC /* Validation.swift */; };
		B6A2F26C2B02216800F779CC /* GroupComponent.swift in Sources */ = {isa = PBXBuildFile; fileRef = B6A2F26B2B02216800F779CC /* GroupComponent.swift */; };
		B6A471C82B2B11C700229BBC /* amplifyconfiguration_dev.json in Resources */ = {isa = PBXBuildFile; fileRef = B6A471C72B2B11C700229BBC /* amplifyconfiguration_dev.json */; };
		B6A71B512B25965200B9E938 /* Kingfisher in Frameworks */ = {isa = PBXBuildFile; productRef = B6A71B502B25965200B9E938 /* Kingfisher */; };
		B6A951442ADBA0D00099CB06 /* amplifyconfiguration_prod.json in Resources */ = {isa = PBXBuildFile; fileRef = B6A951422ADBA0D00099CB06 /* amplifyconfiguration_prod.json */; };
		B6B49DAB2AFB2BD700CF0E6A /* AWSS3StoragePlugin in Frameworks */ = {isa = PBXBuildFile; productRef = B6B49DAA2AFB2BD700CF0E6A /* AWSS3StoragePlugin */; };
		B6B49DAF2AFB2F9F00CF0E6A /* AmplifyStorageService.swift in Sources */ = {isa = PBXBuildFile; fileRef = B6B49DAE2AFB2F9F00CF0E6A /* AmplifyStorageService.swift */; };
		B6B49DB12AFB30E900CF0E6A /* Int+.swift in Sources */ = {isa = PBXBuildFile; fileRef = B6B49DB02AFB30E900CF0E6A /* Int+.swift */; };
		B6B49DB32AFB396500CF0E6A /* Picker.swift in Sources */ = {isa = PBXBuildFile; fileRef = B6B49DB22AFB396500CF0E6A /* Picker.swift */; };
		B6B9E7D42AE9F3520056D175 /* NavigationLink.swift in Sources */ = {isa = PBXBuildFile; fileRef = B6B9E7D32AE9F3520056D175 /* NavigationLink.swift */; };
		B6B9E7D62AECEC660056D175 /* Notice.swift in Sources */ = {isa = PBXBuildFile; fileRef = B6B9E7D52AECEC660056D175 /* Notice.swift */; };
		B6B9E7D82AECF26D0056D175 /* SectionModifier.swift in Sources */ = {isa = PBXBuildFile; fileRef = B6B9E7D72AECF26D0056D175 /* SectionModifier.swift */; };
		B6B9E7DA2AEDF2990056D175 /* Image.swift in Sources */ = {isa = PBXBuildFile; fileRef = B6B9E7D92AEDF2990056D175 /* Image.swift */; };
		B6B9E7E62AEF37350056D175 /* AmplifyModels.swift in Sources */ = {isa = PBXBuildFile; fileRef = B6B9E7DC2AEF37350056D175 /* AmplifyModels.swift */; };
		B6B9E7EA2AEF37350056D175 /* User+Schema.swift in Sources */ = {isa = PBXBuildFile; fileRef = B6B9E7E02AEF37350056D175 /* User+Schema.swift */; };
		B6B9E7EB2AEF37350056D175 /* User.swift in Sources */ = {isa = PBXBuildFile; fileRef = B6B9E7E12AEF37350056D175 /* User.swift */; };
		B6B9E7ED2AEF37350056D175 /* Group.swift in Sources */ = {isa = PBXBuildFile; fileRef = B6B9E7E32AEF37350056D175 /* Group.swift */; };
		B6B9E7EE2AEF37350056D175 /* Group+Schema.swift in Sources */ = {isa = PBXBuildFile; fileRef = B6B9E7E42AEF37350056D175 /* Group+Schema.swift */; };
		B6B9E7EF2AEF37350056D175 /* AccountType.swift in Sources */ = {isa = PBXBuildFile; fileRef = B6B9E7E52AEF37350056D175 /* AccountType.swift */; };
		B6B9E7F22AEF970B0056D175 /* Environments.swift in Sources */ = {isa = PBXBuildFile; fileRef = B6B9E7F12AEF970B0056D175 /* Environments.swift */; };
		B6B9E7F42AEF97740056D175 /* EnvironmentValues+.swift in Sources */ = {isa = PBXBuildFile; fileRef = B6B9E7F32AEF97740056D175 /* EnvironmentValues+.swift */; };
		B6B9E8072AF0928F0056D175 /* Rows.swift in Sources */ = {isa = PBXBuildFile; fileRef = B6B9E8062AF0928F0056D175 /* Rows.swift */; };
		B6BD45C52B26EA76000296E4 /* NavigationPath.swift in Sources */ = {isa = PBXBuildFile; fileRef = B6BD45C42B26EA76000296E4 /* NavigationPath.swift */; };
		B6BD45C72B26EDBF000296E4 /* DestinationHolderView.swift in Sources */ = {isa = PBXBuildFile; fileRef = B6BD45C62B26EDBF000296E4 /* DestinationHolderView.swift */; };
		B6BD45C92B26EE13000296E4 /* PageRouter.swift in Sources */ = {isa = PBXBuildFile; fileRef = B6BD45C82B26EE13000296E4 /* PageRouter.swift */; };
		B6BD49A92AF0F23000349C7A /* TemplateView.swift in Sources */ = {isa = PBXBuildFile; fileRef = B6BD49A82AF0F23000349C7A /* TemplateView.swift */; };
		B6BD49AB2AF0F23C00349C7A /* TemplateViewModel.swift in Sources */ = {isa = PBXBuildFile; fileRef = B6BD49AA2AF0F23C00349C7A /* TemplateViewModel.swift */; };
		B6BD49AE2AF0FAD000349C7A /* CreateGroupView.swift in Sources */ = {isa = PBXBuildFile; fileRef = B6BD49AD2AF0FAD000349C7A /* CreateGroupView.swift */; };
		B6BD49B02AF0FAE100349C7A /* CreateGroupViewModel.swift in Sources */ = {isa = PBXBuildFile; fileRef = B6BD49AF2AF0FAE100349C7A /* CreateGroupViewModel.swift */; };
		B6BD49B22AF105AB00349C7A /* HooView.swift in Sources */ = {isa = PBXBuildFile; fileRef = B6BD49B12AF105AB00349C7A /* HooView.swift */; };
		B6F2C0402ADC221B00960084 /* AuthViewModel.swift in Sources */ = {isa = PBXBuildFile; fileRef = B6F2C03E2ADC221B00960084 /* AuthViewModel.swift */; };
		B6F2C0412ADC221B00960084 /* AuthView.swift in Sources */ = {isa = PBXBuildFile; fileRef = B6F2C03F2ADC221B00960084 /* AuthView.swift */; };
		B6F2C04C2ADC224600960084 /* View+.swift in Sources */ = {isa = PBXBuildFile; fileRef = B6F2C04B2ADC224600960084 /* View+.swift */; };
		B6F2C04E2ADC225000960084 /* FocusField.swift in Sources */ = {isa = PBXBuildFile; fileRef = B6F2C04D2ADC225000960084 /* FocusField.swift */; };
		B6F2C0512ADC225900960084 /* TextField.swift in Sources */ = {isa = PBXBuildFile; fileRef = B6F2C04F2ADC225900960084 /* TextField.swift */; };
		B6F2C0522ADC225900960084 /* Button.swift in Sources */ = {isa = PBXBuildFile; fileRef = B6F2C0502ADC225900960084 /* Button.swift */; };
		B6FEEA262AFC8D5B0040725E /* Label.swift in Sources */ = {isa = PBXBuildFile; fileRef = B6FEEA252AFC8D5B0040725E /* Label.swift */; };
		B6FEEA2D2AFCBAF10040725E /* ViewModelBase.swift in Sources */ = {isa = PBXBuildFile; fileRef = B6FEEA2C2AFCBAF10040725E /* ViewModelBase.swift */; };
/* End PBXBuildFile section */

/* Begin PBXContainerItemProxy section */
		B61E20772AC9247100EF3CEB /* PBXContainerItemProxy */ = {
			isa = PBXContainerItemProxy;
			containerPortal = B61E205E2AC9247000EF3CEB /* Project object */;
			proxyType = 1;
			remoteGlobalIDString = B61E20652AC9247000EF3CEB;
			remoteInfo = ICE;
		};
		B61E20812AC9247100EF3CEB /* PBXContainerItemProxy */ = {
			isa = PBXContainerItemProxy;
			containerPortal = B61E205E2AC9247000EF3CEB /* Project object */;
			proxyType = 1;
			remoteGlobalIDString = B61E20652AC9247000EF3CEB;
			remoteInfo = ICE;
		};
/* End PBXContainerItemProxy section */

/* Begin PBXFileReference section */
		B611603E2B29589400489E95 /* CreateRewardsView.swift */ = {isa = PBXFileReference; lastKnownFileType = sourcecode.swift; path = CreateRewardsView.swift; sourceTree = "<group>"; };
		B61160402B2958A800489E95 /* CreateRewardsViewModel.swift */ = {isa = PBXFileReference; lastKnownFileType = sourcecode.swift; path = CreateRewardsViewModel.swift; sourceTree = "<group>"; };
		B61BE95C2ADCBD79003BC55B /* ToolbarModifier.swift */ = {isa = PBXFileReference; lastKnownFileType = sourcecode.swift; path = ToolbarModifier.swift; sourceTree = "<group>"; };
		B61BE95E2ADCBE69003BC55B /* Toolbar.swift */ = {isa = PBXFileReference; lastKnownFileType = sourcecode.swift; path = Toolbar.swift; sourceTree = "<group>"; };
		B61BE9612ADD29E0003BC55B /* AmplifyAuthService.swift */ = {isa = PBXFileReference; lastKnownFileType = sourcecode.swift; path = AmplifyAuthService.swift; sourceTree = "<group>"; };
		B61BE9662AE00FC8003BC55B /* LoadingState.swift */ = {isa = PBXFileReference; lastKnownFileType = sourcecode.swift; path = LoadingState.swift; sourceTree = "<group>"; };
		B61BE9692AE0B6C2003BC55B /* HomeView.swift */ = {isa = PBXFileReference; lastKnownFileType = sourcecode.swift; path = HomeView.swift; sourceTree = "<group>"; };
		B61BE96C2AE15E50003BC55B /* APIHandler.swift */ = {isa = PBXFileReference; lastKnownFileType = sourcecode.swift; path = APIHandler.swift; sourceTree = "<group>"; };
		B61E20662AC9247000EF3CEB /* ICE.app */ = {isa = PBXFileReference; explicitFileType = wrapper.application; includeInIndex = 0; path = ICE.app; sourceTree = BUILT_PRODUCTS_DIR; };
		B61E20692AC9247000EF3CEB /* ICEApp.swift */ = {isa = PBXFileReference; lastKnownFileType = sourcecode.swift; path = ICEApp.swift; sourceTree = "<group>"; };
		B61E206B2AC9247000EF3CEB /* ContentView.swift */ = {isa = PBXFileReference; lastKnownFileType = sourcecode.swift; path = ContentView.swift; sourceTree = "<group>"; };
		B61E206D2AC9247100EF3CEB /* Assets.xcassets */ = {isa = PBXFileReference; lastKnownFileType = folder.assetcatalog; path = Assets.xcassets; sourceTree = "<group>"; };
		B61E20702AC9247100EF3CEB /* Preview Assets.xcassets */ = {isa = PBXFileReference; lastKnownFileType = folder.assetcatalog; path = "Preview Assets.xcassets"; sourceTree = "<group>"; };
		B61E20762AC9247100EF3CEB /* ICETests.xctest */ = {isa = PBXFileReference; explicitFileType = wrapper.cfbundle; includeInIndex = 0; path = ICETests.xctest; sourceTree = BUILT_PRODUCTS_DIR; };
		B61E207A2AC9247100EF3CEB /* ICETests.swift */ = {isa = PBXFileReference; lastKnownFileType = sourcecode.swift; path = ICETests.swift; sourceTree = "<group>"; };
		B61E20802AC9247100EF3CEB /* ICEUITests.xctest */ = {isa = PBXFileReference; explicitFileType = wrapper.cfbundle; includeInIndex = 0; path = ICEUITests.xctest; sourceTree = BUILT_PRODUCTS_DIR; };
		B61E20842AC9247100EF3CEB /* ICEUITests.swift */ = {isa = PBXFileReference; lastKnownFileType = sourcecode.swift; path = ICEUITests.swift; sourceTree = "<group>"; };
		B61E20862AC9247100EF3CEB /* ICEUITestsLaunchTests.swift */ = {isa = PBXFileReference; lastKnownFileType = sourcecode.swift; path = ICEUITestsLaunchTests.swift; sourceTree = "<group>"; };
		B62AAE012B08A6D1004862F2 /* Type.swift */ = {isa = PBXFileReference; lastKnownFileType = sourcecode.swift; path = Type.swift; sourceTree = "<group>"; };
		B62AAE052B099C5A004862F2 /* WhoGetsPaid.swift */ = {isa = PBXFileReference; fileEncoding = 4; lastKnownFileType = sourcecode.swift; path = WhoGetsPaid.swift; sourceTree = "<group>"; };
		B62AAE062B099C5A004862F2 /* FrequencyType.swift */ = {isa = PBXFileReference; fileEncoding = 4; lastKnownFileType = sourcecode.swift; path = FrequencyType.swift; sourceTree = "<group>"; };
		B62AAE092B099C5A004862F2 /* PeriodicType.swift */ = {isa = PBXFileReference; fileEncoding = 4; lastKnownFileType = sourcecode.swift; path = PeriodicType.swift; sourceTree = "<group>"; };
		B62AAE142B09A160004862F2 /* Rewards+Schema.swift */ = {isa = PBXFileReference; fileEncoding = 4; lastKnownFileType = sourcecode.swift; path = "Rewards+Schema.swift"; sourceTree = "<group>"; };
		B62AAE152B09A160004862F2 /* Rewards.swift */ = {isa = PBXFileReference; fileEncoding = 4; lastKnownFileType = sourcecode.swift; path = Rewards.swift; sourceTree = "<group>"; };
		B62AAE162B09A161004862F2 /* Tasks.swift */ = {isa = PBXFileReference; fileEncoding = 4; lastKnownFileType = sourcecode.swift; path = Tasks.swift; sourceTree = "<group>"; };
		B62AAE172B09A161004862F2 /* Tasks+Schema.swift */ = {isa = PBXFileReference; fileEncoding = 4; lastKnownFileType = sourcecode.swift; path = "Tasks+Schema.swift"; sourceTree = "<group>"; };
		B62AAE1C2B09A1E4004862F2 /* TasksService.swift */ = {isa = PBXFileReference; lastKnownFileType = sourcecode.swift; path = TasksService.swift; sourceTree = "<group>"; };
		B62AAE1E2B09A24E004862F2 /* APIService.swift */ = {isa = PBXFileReference; lastKnownFileType = sourcecode.swift; path = APIService.swift; sourceTree = "<group>"; };
		B62AAE212B0B4078004862F2 /* CreateTaskView.swift */ = {isa = PBXFileReference; lastKnownFileType = sourcecode.swift; path = CreateTaskView.swift; sourceTree = "<group>"; };
		B62AAE232B0B408E004862F2 /* CreateTaskViewModel.swift */ = {isa = PBXFileReference; lastKnownFileType = sourcecode.swift; path = CreateTaskViewModel.swift; sourceTree = "<group>"; };
		B62AAE292B143C6C004862F2 /* Image+.swift */ = {isa = PBXFileReference; lastKnownFileType = sourcecode.swift; path = "Image+.swift"; sourceTree = "<group>"; };
		B62AAE2C2B144A53004862F2 /* EnumUtility.swift */ = {isa = PBXFileReference; lastKnownFileType = sourcecode.swift; path = EnumUtility.swift; sourceTree = "<group>"; };
		B62AAE2E2B144D39004862F2 /* General.swift */ = {isa = PBXFileReference; lastKnownFileType = sourcecode.swift; path = General.swift; sourceTree = "<group>"; };
		B62C9C8D2AE3BC570048A166 /* String+.swift */ = {isa = PBXFileReference; lastKnownFileType = sourcecode.swift; path = "String+.swift"; sourceTree = "<group>"; };
		B62C9C8F2AE3BCBA0048A166 /* Caracter+.swift */ = {isa = PBXFileReference; lastKnownFileType = sourcecode.swift; path = "Caracter+.swift"; sourceTree = "<group>"; };
		B62C9C912AE3C0300048A166 /* Regex.swift */ = {isa = PBXFileReference; lastKnownFileType = sourcecode.swift; path = Regex.swift; sourceTree = "<group>"; };
		B62C9C932AE3C4E60048A166 /* ValidationModifier.swift */ = {isa = PBXFileReference; lastKnownFileType = sourcecode.swift; path = ValidationModifier.swift; sourceTree = "<group>"; };
		B62C9C952AE5116E0048A166 /* RootView.swift */ = {isa = PBXFileReference; lastKnownFileType = sourcecode.swift; path = RootView.swift; sourceTree = "<group>"; };
		B62C9C972AE5FAB40048A166 /* HomeViewModel.swift */ = {isa = PBXFileReference; lastKnownFileType = sourcecode.swift; path = HomeViewModel.swift; sourceTree = "<group>"; };
		B64E1CBF2AD38B5B00A876CC /* AppDelegate.swift */ = {isa = PBXFileReference; lastKnownFileType = sourcecode.swift; path = AppDelegate.swift; sourceTree = "<group>"; };
		B64E1CD42AD3916600A876CC /* Info.plist */ = {isa = PBXFileReference; lastKnownFileType = text.plist; path = Info.plist; sourceTree = "<group>"; };
		B64E1CD62AD3923E00A876CC /* Error.swift */ = {isa = PBXFileReference; lastKnownFileType = sourcecode.swift; path = Error.swift; sourceTree = "<group>"; };
		B651F7542B01A3D400AE6FF6 /* PopupModifier.swift */ = {isa = PBXFileReference; lastKnownFileType = sourcecode.swift; path = PopupModifier.swift; sourceTree = "<group>"; };
		B65C8E9E2B0870270083080D /* GroupDetailView.swift */ = {isa = PBXFileReference; lastKnownFileType = sourcecode.swift; path = GroupDetailView.swift; sourceTree = "<group>"; };
		B65C8EA02B0870480083080D /* GroupDetailViewModel.swift */ = {isa = PBXFileReference; lastKnownFileType = sourcecode.swift; path = GroupDetailViewModel.swift; sourceTree = "<group>"; };
		B68565BA2AE94CE3002C8413 /* Loading.swift */ = {isa = PBXFileReference; lastKnownFileType = sourcecode.swift; path = Loading.swift; sourceTree = "<group>"; };
		B68565BC2AE94EBA002C8413 /* LoadingModifier.swift */ = {isa = PBXFileReference; lastKnownFileType = sourcecode.swift; path = LoadingModifier.swift; sourceTree = "<group>"; };
		B69A76C22AE3B6EF009228EC /* Validation.swift */ = {isa = PBXFileReference; lastKnownFileType = sourcecode.swift; path = Validation.swift; sourceTree = "<group>"; };
		B6A2F26B2B02216800F779CC /* GroupComponent.swift */ = {isa = PBXFileReference; lastKnownFileType = sourcecode.swift; path = GroupComponent.swift; sourceTree = "<group>"; };
		B6A471C72B2B11C700229BBC /* amplifyconfiguration_dev.json */ = {isa = PBXFileReference; fileEncoding = 4; lastKnownFileType = text.json; path = amplifyconfiguration_dev.json; sourceTree = "<group>"; };
		B6A951422ADBA0D00099CB06 /* amplifyconfiguration_prod.json */ = {isa = PBXFileReference; fileEncoding = 4; lastKnownFileType = text.json; path = amplifyconfiguration_prod.json; sourceTree = "<group>"; };
		B6B49DAE2AFB2F9F00CF0E6A /* AmplifyStorageService.swift */ = {isa = PBXFileReference; lastKnownFileType = sourcecode.swift; path = AmplifyStorageService.swift; sourceTree = "<group>"; };
		B6B49DB02AFB30E900CF0E6A /* Int+.swift */ = {isa = PBXFileReference; fileEncoding = 4; lastKnownFileType = sourcecode.swift; path = "Int+.swift"; sourceTree = "<group>"; };
		B6B49DB22AFB396500CF0E6A /* Picker.swift */ = {isa = PBXFileReference; lastKnownFileType = sourcecode.swift; path = Picker.swift; sourceTree = "<group>"; };
		B6B9E7D32AE9F3520056D175 /* NavigationLink.swift */ = {isa = PBXFileReference; lastKnownFileType = sourcecode.swift; path = NavigationLink.swift; sourceTree = "<group>"; };
		B6B9E7D52AECEC660056D175 /* Notice.swift */ = {isa = PBXFileReference; lastKnownFileType = sourcecode.swift; path = Notice.swift; sourceTree = "<group>"; };
		B6B9E7D72AECF26D0056D175 /* SectionModifier.swift */ = {isa = PBXFileReference; lastKnownFileType = sourcecode.swift; path = SectionModifier.swift; sourceTree = "<group>"; };
		B6B9E7D92AEDF2990056D175 /* Image.swift */ = {isa = PBXFileReference; lastKnownFileType = sourcecode.swift; path = Image.swift; sourceTree = "<group>"; };
		B6B9E7DC2AEF37350056D175 /* AmplifyModels.swift */ = {isa = PBXFileReference; fileEncoding = 4; lastKnownFileType = sourcecode.swift; path = AmplifyModels.swift; sourceTree = "<group>"; };
		B6B9E7E02AEF37350056D175 /* User+Schema.swift */ = {isa = PBXFileReference; fileEncoding = 4; lastKnownFileType = sourcecode.swift; path = "User+Schema.swift"; sourceTree = "<group>"; };
		B6B9E7E12AEF37350056D175 /* User.swift */ = {isa = PBXFileReference; fileEncoding = 4; lastKnownFileType = sourcecode.swift; path = User.swift; sourceTree = "<group>"; };
		B6B9E7E32AEF37350056D175 /* Group.swift */ = {isa = PBXFileReference; fileEncoding = 4; lastKnownFileType = sourcecode.swift; path = Group.swift; sourceTree = "<group>"; };
		B6B9E7E42AEF37350056D175 /* Group+Schema.swift */ = {isa = PBXFileReference; fileEncoding = 4; lastKnownFileType = sourcecode.swift; path = "Group+Schema.swift"; sourceTree = "<group>"; };
		B6B9E7E52AEF37350056D175 /* AccountType.swift */ = {isa = PBXFileReference; fileEncoding = 4; lastKnownFileType = sourcecode.swift; path = AccountType.swift; sourceTree = "<group>"; };
		B6B9E7F12AEF970B0056D175 /* Environments.swift */ = {isa = PBXFileReference; lastKnownFileType = sourcecode.swift; path = Environments.swift; sourceTree = "<group>"; };
		B6B9E7F32AEF97740056D175 /* EnvironmentValues+.swift */ = {isa = PBXFileReference; lastKnownFileType = sourcecode.swift; path = "EnvironmentValues+.swift"; sourceTree = "<group>"; };
		B6B9E8062AF0928F0056D175 /* Rows.swift */ = {isa = PBXFileReference; lastKnownFileType = sourcecode.swift; path = Rows.swift; sourceTree = "<group>"; };
		B6BD45C42B26EA76000296E4 /* NavigationPath.swift */ = {isa = PBXFileReference; lastKnownFileType = sourcecode.swift; path = NavigationPath.swift; sourceTree = "<group>"; };
		B6BD45C62B26EDBF000296E4 /* DestinationHolderView.swift */ = {isa = PBXFileReference; lastKnownFileType = sourcecode.swift; path = DestinationHolderView.swift; sourceTree = "<group>"; };
		B6BD45C82B26EE13000296E4 /* PageRouter.swift */ = {isa = PBXFileReference; lastKnownFileType = sourcecode.swift; path = PageRouter.swift; sourceTree = "<group>"; };
		B6BD49A82AF0F23000349C7A /* TemplateView.swift */ = {isa = PBXFileReference; lastKnownFileType = sourcecode.swift; path = TemplateView.swift; sourceTree = "<group>"; };
		B6BD49AA2AF0F23C00349C7A /* TemplateViewModel.swift */ = {isa = PBXFileReference; lastKnownFileType = sourcecode.swift; path = TemplateViewModel.swift; sourceTree = "<group>"; };
		B6BD49AD2AF0FAD000349C7A /* CreateGroupView.swift */ = {isa = PBXFileReference; lastKnownFileType = sourcecode.swift; path = CreateGroupView.swift; sourceTree = "<group>"; };
		B6BD49AF2AF0FAE100349C7A /* CreateGroupViewModel.swift */ = {isa = PBXFileReference; lastKnownFileType = sourcecode.swift; path = CreateGroupViewModel.swift; sourceTree = "<group>"; };
		B6BD49B12AF105AB00349C7A /* HooView.swift */ = {isa = PBXFileReference; lastKnownFileType = sourcecode.swift; path = HooView.swift; sourceTree = "<group>"; };
		B6F2C03E2ADC221B00960084 /* AuthViewModel.swift */ = {isa = PBXFileReference; fileEncoding = 4; lastKnownFileType = sourcecode.swift; path = AuthViewModel.swift; sourceTree = "<group>"; };
		B6F2C03F2ADC221B00960084 /* AuthView.swift */ = {isa = PBXFileReference; fileEncoding = 4; lastKnownFileType = sourcecode.swift; path = AuthView.swift; sourceTree = "<group>"; };
		B6F2C04B2ADC224600960084 /* View+.swift */ = {isa = PBXFileReference; fileEncoding = 4; lastKnownFileType = sourcecode.swift; path = "View+.swift"; sourceTree = "<group>"; };
		B6F2C04D2ADC225000960084 /* FocusField.swift */ = {isa = PBXFileReference; fileEncoding = 4; lastKnownFileType = sourcecode.swift; path = FocusField.swift; sourceTree = "<group>"; };
		B6F2C04F2ADC225900960084 /* TextField.swift */ = {isa = PBXFileReference; fileEncoding = 4; lastKnownFileType = sourcecode.swift; path = TextField.swift; sourceTree = "<group>"; };
		B6F2C0502ADC225900960084 /* Button.swift */ = {isa = PBXFileReference; fileEncoding = 4; lastKnownFileType = sourcecode.swift; path = Button.swift; sourceTree = "<group>"; };
		B6FEEA252AFC8D5B0040725E /* Label.swift */ = {isa = PBXFileReference; lastKnownFileType = sourcecode.swift; path = Label.swift; sourceTree = "<group>"; };
		B6FEEA2C2AFCBAF10040725E /* ViewModelBase.swift */ = {isa = PBXFileReference; lastKnownFileType = sourcecode.swift; path = ViewModelBase.swift; sourceTree = "<group>"; };
/* End PBXFileReference section */

/* Begin PBXFrameworksBuildPhase section */
		B61E20632AC9247000EF3CEB /* Frameworks */ = {
			isa = PBXFrameworksBuildPhase;
			buildActionMask = 2147483647;
			files = (
				B6A71B512B25965200B9E938 /* Kingfisher in Frameworks */,
				B6B49DAB2AFB2BD700CF0E6A /* AWSS3StoragePlugin in Frameworks */,
				B64E1CCD2AD38CC500A876CC /* AWSAPIPlugin in Frameworks */,
				B64E1CD32AD38CC500A876CC /* Amplify in Frameworks */,
				B64E1CCF2AD38CC500A876CC /* AWSCognitoAuthPlugin in Frameworks */,
				B64E1CD12AD38CC500A876CC /* AWSPluginsCore in Frameworks */,
			);
			runOnlyForDeploymentPostprocessing = 0;
		};
		B61E20732AC9247100EF3CEB /* Frameworks */ = {
			isa = PBXFrameworksBuildPhase;
			buildActionMask = 2147483647;
			files = (
			);
			runOnlyForDeploymentPostprocessing = 0;
		};
		B61E207D2AC9247100EF3CEB /* Frameworks */ = {
			isa = PBXFrameworksBuildPhase;
			buildActionMask = 2147483647;
			files = (
			);
			runOnlyForDeploymentPostprocessing = 0;
		};
/* End PBXFrameworksBuildPhase section */

/* Begin PBXGroup section */
		B611603C2B29583C00489E95 /* Reward */ = {
			isa = PBXGroup;
			children = (
				B611603D2B29587F00489E95 /* CreateRewards */,
			);
			path = Reward;
			sourceTree = "<group>";
		};
		B611603D2B29587F00489E95 /* CreateRewards */ = {
			isa = PBXGroup;
			children = (
				B611603E2B29589400489E95 /* CreateRewardsView.swift */,
				B61160402B2958A800489E95 /* CreateRewardsViewModel.swift */,
			);
			path = CreateRewards;
			sourceTree = "<group>";
		};
		B61BE95B2ADCBD60003BC55B /* Modifire */ = {
			isa = PBXGroup;
			children = (
				B61BE95C2ADCBD79003BC55B /* ToolbarModifier.swift */,
				B62C9C932AE3C4E60048A166 /* ValidationModifier.swift */,
				B68565BC2AE94EBA002C8413 /* LoadingModifier.swift */,
				B6B9E7D72AECF26D0056D175 /* SectionModifier.swift */,
				B651F7542B01A3D400AE6FF6 /* PopupModifier.swift */,
			);
			path = Modifire;
			sourceTree = "<group>";
		};
		B61BE9602ADD29C0003BC55B /* Service */ = {
			isa = PBXGroup;
			children = (
				B61BE9612ADD29E0003BC55B /* AmplifyAuthService.swift */,
				B6B49DAE2AFB2F9F00CF0E6A /* AmplifyStorageService.swift */,
				B62AAE132B099E19004862F2 /* API */,
			);
			path = Service;
			sourceTree = "<group>";
		};
		B61BE9682AE0B67D003BC55B /* Home */ = {
			isa = PBXGroup;
			children = (
				B61BE9692AE0B6C2003BC55B /* HomeView.swift */,
				B62C9C972AE5FAB40048A166 /* HomeViewModel.swift */,
			);
			path = Home;
			sourceTree = "<group>";
		};
		B61BE96B2AE15E32003BC55B /* APIHandler */ = {
			isa = PBXGroup;
			children = (
				B61BE96C2AE15E50003BC55B /* APIHandler.swift */,
			);
			path = APIHandler;
			sourceTree = "<group>";
		};
		B61E205D2AC9247000EF3CEB = {
			isa = PBXGroup;
			children = (
				B61E20682AC9247000EF3CEB /* ICE */,
				B61E20792AC9247100EF3CEB /* ICETests */,
				B61E20832AC9247100EF3CEB /* ICEUITests */,
				B61E20672AC9247000EF3CEB /* Products */,
				B6B49DA92AFB2BD700CF0E6A /* Frameworks */,
			);
			sourceTree = "<group>";
		};
		B61E20672AC9247000EF3CEB /* Products */ = {
			isa = PBXGroup;
			children = (
				B61E20662AC9247000EF3CEB /* ICE.app */,
				B61E20762AC9247100EF3CEB /* ICETests.xctest */,
				B61E20802AC9247100EF3CEB /* ICEUITests.xctest */,
			);
			name = Products;
			sourceTree = "<group>";
		};
		B61E20682AC9247000EF3CEB /* ICE */ = {
			isa = PBXGroup;
			children = (
				B64E1CD42AD3916600A876CC /* Info.plist */,
				B6A471C72B2B11C700229BBC /* amplifyconfiguration_dev.json */,
				B6A951422ADBA0D00099CB06 /* amplifyconfiguration_prod.json */,
				B61E20692AC9247000EF3CEB /* ICEApp.swift */,
				B64E1CBF2AD38B5B00A876CC /* AppDelegate.swift */,
				B61E206B2AC9247000EF3CEB /* ContentView.swift */,
				B61E206D2AC9247100EF3CEB /* Assets.xcassets */,
				B6865FAF2AD8258A003C9CFF /* View */,
				B61BE96B2AE15E32003BC55B /* APIHandler */,
				B6FF08022AD82C470090D2DB /* Components */,
				B64E1CD52AD3923000A876CC /* Enum */,
				B6B9E7F02AEF96E70056D175 /* EmvironmentKey */,
				B6275D5C2ADA2A1700EEB151 /* Extentions */,
				B61BE95B2ADCBD60003BC55B /* Modifire */,
				B61BE9602ADD29C0003BC55B /* Service */,
				B61E206F2AC9247100EF3CEB /* Preview Content */,
				B62AAE2B2B144A2B004862F2 /* Utility */,
				B6B9E7DB2AEF37350056D175 /* models */,
			);
			path = ICE;
			sourceTree = "<group>";
		};
		B61E206F2AC9247100EF3CEB /* Preview Content */ = {
			isa = PBXGroup;
			children = (
				B61E20702AC9247100EF3CEB /* Preview Assets.xcassets */,
			);
			path = "Preview Content";
			sourceTree = "<group>";
		};
		B61E20792AC9247100EF3CEB /* ICETests */ = {
			isa = PBXGroup;
			children = (
				B61E207A2AC9247100EF3CEB /* ICETests.swift */,
			);
			path = ICETests;
			sourceTree = "<group>";
		};
		B61E20832AC9247100EF3CEB /* ICEUITests */ = {
			isa = PBXGroup;
			children = (
				B61E20842AC9247100EF3CEB /* ICEUITests.swift */,
				B61E20862AC9247100EF3CEB /* ICEUITestsLaunchTests.swift */,
			);
			path = ICEUITests;
			sourceTree = "<group>";
		};
		B6275D5C2ADA2A1700EEB151 /* Extentions */ = {
			isa = PBXGroup;
			children = (
				B6B49DB02AFB30E900CF0E6A /* Int+.swift */,
				B6F2C04B2ADC224600960084 /* View+.swift */,
				B62C9C8D2AE3BC570048A166 /* String+.swift */,
				B62C9C8F2AE3BCBA0048A166 /* Caracter+.swift */,
				B6B9E7F32AEF97740056D175 /* EnvironmentValues+.swift */,
				B62AAE292B143C6C004862F2 /* Image+.swift */,
			);
			path = Extentions;
			sourceTree = "<group>";
		};
		B62AAE132B099E19004862F2 /* API */ = {
			isa = PBXGroup;
			children = (
				B62AAE1C2B09A1E4004862F2 /* TasksService.swift */,
				B62AAE1E2B09A24E004862F2 /* APIService.swift */,
			);
			path = API;
			sourceTree = "<group>";
		};
		B62AAE202B0B405F004862F2 /* CreateTask */ = {
			isa = PBXGroup;
			children = (
				B62AAE212B0B4078004862F2 /* CreateTaskView.swift */,
				B62AAE232B0B408E004862F2 /* CreateTaskViewModel.swift */,
			);
			path = CreateTask;
			sourceTree = "<group>";
		};
		B62AAE2B2B144A2B004862F2 /* Utility */ = {
			isa = PBXGroup;
			children = (
				B62AAE2C2B144A53004862F2 /* EnumUtility.swift */,
			);
			path = Utility;
			sourceTree = "<group>";
		};
		B64E1CD52AD3923000A876CC /* Enum */ = {
			isa = PBXGroup;
			children = (
				B69A76C22AE3B6EF009228EC /* Validation.swift */,
				B64E1CD62AD3923E00A876CC /* Error.swift */,
				B6F2C04D2ADC225000960084 /* FocusField.swift */,
				B61BE9662AE00FC8003BC55B /* LoadingState.swift */,
				B62C9C912AE3C0300048A166 /* Regex.swift */,
				B62AAE012B08A6D1004862F2 /* Type.swift */,
				B62AAE2E2B144D39004862F2 /* General.swift */,
				B6BD45C42B26EA76000296E4 /* NavigationPath.swift */,
			);
			path = Enum;
			sourceTree = "<group>";
		};
		B65C8E9D2B086E260083080D /* GroupDetail */ = {
			isa = PBXGroup;
			children = (
				B65C8E9E2B0870270083080D /* GroupDetailView.swift */,
				B65C8EA02B0870480083080D /* GroupDetailViewModel.swift */,
			);
			path = GroupDetail;
			sourceTree = "<group>";
		};
		B6865FAF2AD8258A003C9CFF /* View */ = {
			isa = PBXGroup;
			children = (
				B6FEEA2B2AFCBADE0040725E /* Base */,
				B62C9C952AE5116E0048A166 /* RootView.swift */,
				B6B9E7D32AE9F3520056D175 /* NavigationLink.swift */,
				B6F2C03B2ADC220C00960084 /* Auth */,
				B61BE9682AE0B67D003BC55B /* Home */,
				B6BD49A52AF0F1F500349C7A /* Group */,
				B6BD49A62AF0F20700349C7A /* Task */,
				B611603C2B29583C00489E95 /* Reward */,
				B6BD49A72AF0F21400349C7A /* Template */,
			);
			path = View;
			sourceTree = "<group>";
		};
		B6B49DA92AFB2BD700CF0E6A /* Frameworks */ = {
			isa = PBXGroup;
			children = (
			);
			name = Frameworks;
			sourceTree = "<group>";
		};
		B6B9E7DB2AEF37350056D175 /* models */ = {
			isa = PBXGroup;
			children = (
				B62AAE152B09A160004862F2 /* Rewards.swift */,
				B62AAE142B09A160004862F2 /* Rewards+Schema.swift */,
				B62AAE162B09A161004862F2 /* Tasks.swift */,
				B62AAE172B09A161004862F2 /* Tasks+Schema.swift */,
				B62AAE062B099C5A004862F2 /* FrequencyType.swift */,
				B62AAE092B099C5A004862F2 /* PeriodicType.swift */,
				B62AAE052B099C5A004862F2 /* WhoGetsPaid.swift */,
				B6B9E7DC2AEF37350056D175 /* AmplifyModels.swift */,
				B6B9E7E02AEF37350056D175 /* User+Schema.swift */,
				B6B9E7E12AEF37350056D175 /* User.swift */,
				B6B9E7E32AEF37350056D175 /* Group.swift */,
				B6B9E7E42AEF37350056D175 /* Group+Schema.swift */,
				B6B9E7E52AEF37350056D175 /* AccountType.swift */,
			);
			name = models;
			path = ../../amplify/generated/models;
			sourceTree = "<group>";
		};
		B6B9E7F02AEF96E70056D175 /* EmvironmentKey */ = {
			isa = PBXGroup;
			children = (
				B6B9E7F12AEF970B0056D175 /* Environments.swift */,
			);
			path = EmvironmentKey;
			sourceTree = "<group>";
		};
		B6BD49A52AF0F1F500349C7A /* Group */ = {
			isa = PBXGroup;
			children = (
				B65C8E9D2B086E260083080D /* GroupDetail */,
				B6BD49AC2AF0FAB900349C7A /* CreateGroup */,
			);
			path = Group;
			sourceTree = "<group>";
		};
		B6BD49A62AF0F20700349C7A /* Task */ = {
			isa = PBXGroup;
			children = (
				B62AAE202B0B405F004862F2 /* CreateTask */,
			);
			path = Task;
			sourceTree = "<group>";
		};
		B6BD49A72AF0F21400349C7A /* Template */ = {
			isa = PBXGroup;
			children = (
				B6BD49A82AF0F23000349C7A /* TemplateView.swift */,
				B6BD49AA2AF0F23C00349C7A /* TemplateViewModel.swift */,
				B6BD49B12AF105AB00349C7A /* HooView.swift */,
			);
			path = Template;
			sourceTree = "<group>";
		};
		B6BD49AC2AF0FAB900349C7A /* CreateGroup */ = {
			isa = PBXGroup;
			children = (
				B6BD49AD2AF0FAD000349C7A /* CreateGroupView.swift */,
				B6BD49AF2AF0FAE100349C7A /* CreateGroupViewModel.swift */,
			);
			path = CreateGroup;
			sourceTree = "<group>";
		};
		B6F2C03B2ADC220C00960084 /* Auth */ = {
			isa = PBXGroup;
			children = (
				B6F2C03F2ADC221B00960084 /* AuthView.swift */,
				B6F2C03E2ADC221B00960084 /* AuthViewModel.swift */,
			);
			path = Auth;
			sourceTree = "<group>";
		};
		B6FEEA2B2AFCBADE0040725E /* Base */ = {
			isa = PBXGroup;
			children = (
				B6FEEA2C2AFCBAF10040725E /* ViewModelBase.swift */,
				B6BD45C62B26EDBF000296E4 /* DestinationHolderView.swift */,
				B6BD45C82B26EE13000296E4 /* PageRouter.swift */,
			);
			path = Base;
			sourceTree = "<group>";
		};
		B6FF08022AD82C470090D2DB /* Components */ = {
			isa = PBXGroup;
			children = (
				B6F2C0502ADC225900960084 /* Button.swift */,
				B6F2C04F2ADC225900960084 /* TextField.swift */,
				B61BE95E2ADCBE69003BC55B /* Toolbar.swift */,
				B68565BA2AE94CE3002C8413 /* Loading.swift */,
				B6B9E7D52AECEC660056D175 /* Notice.swift */,
				B6B9E7D92AEDF2990056D175 /* Image.swift */,
				B6B9E8062AF0928F0056D175 /* Rows.swift */,
				B6B49DB22AFB396500CF0E6A /* Picker.swift */,
				B6FEEA252AFC8D5B0040725E /* Label.swift */,
				B6A2F26B2B02216800F779CC /* GroupComponent.swift */,
			);
			path = Components;
			sourceTree = "<group>";
		};
/* End PBXGroup section */

/* Begin PBXNativeTarget section */
		B61E20652AC9247000EF3CEB /* ICE */ = {
			isa = PBXNativeTarget;
			buildConfigurationList = B61E208A2AC9247100EF3CEB /* Build configuration list for PBXNativeTarget "ICE" */;
			buildPhases = (
				B61E20622AC9247000EF3CEB /* Sources */,
				B61E20632AC9247000EF3CEB /* Frameworks */,
				B61E20642AC9247000EF3CEB /* Resources */,
			);
			buildRules = (
			);
			dependencies = (
			);
			name = ICE;
			packageProductDependencies = (
				B64E1CCC2AD38CC500A876CC /* AWSAPIPlugin */,
				B64E1CCE2AD38CC500A876CC /* AWSCognitoAuthPlugin */,
				B64E1CD02AD38CC500A876CC /* AWSPluginsCore */,
				B64E1CD22AD38CC500A876CC /* Amplify */,
				B6B49DAA2AFB2BD700CF0E6A /* AWSS3StoragePlugin */,
				B6A71B502B25965200B9E938 /* Kingfisher */,
			);
			productName = ICE;
			productReference = B61E20662AC9247000EF3CEB /* ICE.app */;
			productType = "com.apple.product-type.application";
		};
		B61E20752AC9247100EF3CEB /* ICETests */ = {
			isa = PBXNativeTarget;
			buildConfigurationList = B61E208D2AC9247100EF3CEB /* Build configuration list for PBXNativeTarget "ICETests" */;
			buildPhases = (
				B61E20722AC9247100EF3CEB /* Sources */,
				B61E20732AC9247100EF3CEB /* Frameworks */,
				B61E20742AC9247100EF3CEB /* Resources */,
			);
			buildRules = (
			);
			dependencies = (
				B61E20782AC9247100EF3CEB /* PBXTargetDependency */,
			);
			name = ICETests;
			productName = ICETests;
			productReference = B61E20762AC9247100EF3CEB /* ICETests.xctest */;
			productType = "com.apple.product-type.bundle.unit-test";
		};
		B61E207F2AC9247100EF3CEB /* ICEUITests */ = {
			isa = PBXNativeTarget;
			buildConfigurationList = B61E20902AC9247100EF3CEB /* Build configuration list for PBXNativeTarget "ICEUITests" */;
			buildPhases = (
				B61E207C2AC9247100EF3CEB /* Sources */,
				B61E207D2AC9247100EF3CEB /* Frameworks */,
				B61E207E2AC9247100EF3CEB /* Resources */,
			);
			buildRules = (
			);
			dependencies = (
				B61E20822AC9247100EF3CEB /* PBXTargetDependency */,
			);
			name = ICEUITests;
			productName = ICEUITests;
			productReference = B61E20802AC9247100EF3CEB /* ICEUITests.xctest */;
			productType = "com.apple.product-type.bundle.ui-testing";
		};
/* End PBXNativeTarget section */

/* Begin PBXProject section */
		B61E205E2AC9247000EF3CEB /* Project object */ = {
			isa = PBXProject;
			attributes = {
				BuildIndependentTargetsInParallel = 1;
				LastSwiftUpdateCheck = 1430;
				LastUpgradeCheck = 1430;
				TargetAttributes = {
					B61E20652AC9247000EF3CEB = {
						CreatedOnToolsVersion = 14.3;
					};
					B61E20752AC9247100EF3CEB = {
						CreatedOnToolsVersion = 14.3;
						TestTargetID = B61E20652AC9247000EF3CEB;
					};
					B61E207F2AC9247100EF3CEB = {
						CreatedOnToolsVersion = 14.3;
						TestTargetID = B61E20652AC9247000EF3CEB;
					};
				};
			};
			buildConfigurationList = B61E20612AC9247000EF3CEB /* Build configuration list for PBXProject "ICE" */;
			compatibilityVersion = "Xcode 14.0";
			developmentRegion = en;
			hasScannedForEncodings = 0;
			knownRegions = (
				en,
				Base,
			);
			mainGroup = B61E205D2AC9247000EF3CEB;
			packageReferences = (
				B64E1CCB2AD38CC500A876CC /* XCRemoteSwiftPackageReference "amplify-swift" */,
				B6A71B4F2B25965200B9E938 /* XCRemoteSwiftPackageReference "Kingfisher" */,
			);
			productRefGroup = B61E20672AC9247000EF3CEB /* Products */;
			projectDirPath = "";
			projectRoot = "";
			targets = (
				B61E20652AC9247000EF3CEB /* ICE */,
				B61E20752AC9247100EF3CEB /* ICETests */,
				B61E207F2AC9247100EF3CEB /* ICEUITests */,
			);
		};
/* End PBXProject section */

/* Begin PBXResourcesBuildPhase section */
		B61E20642AC9247000EF3CEB /* Resources */ = {
			isa = PBXResourcesBuildPhase;
			buildActionMask = 2147483647;
			files = (
				B61E20712AC9247100EF3CEB /* Preview Assets.xcassets in Resources */,
				B6A471C82B2B11C700229BBC /* amplifyconfiguration_dev.json in Resources */,
				B6A951442ADBA0D00099CB06 /* amplifyconfiguration_prod.json in Resources */,
				B61E206E2AC9247100EF3CEB /* Assets.xcassets in Resources */,
			);
			runOnlyForDeploymentPostprocessing = 0;
		};
		B61E20742AC9247100EF3CEB /* Resources */ = {
			isa = PBXResourcesBuildPhase;
			buildActionMask = 2147483647;
			files = (
			);
			runOnlyForDeploymentPostprocessing = 0;
		};
		B61E207E2AC9247100EF3CEB /* Resources */ = {
			isa = PBXResourcesBuildPhase;
			buildActionMask = 2147483647;
			files = (
			);
			runOnlyForDeploymentPostprocessing = 0;
		};
/* End PBXResourcesBuildPhase section */

/* Begin PBXSourcesBuildPhase section */
		B61E20622AC9247000EF3CEB /* Sources */ = {
			isa = PBXSourcesBuildPhase;
			buildActionMask = 2147483647;
			files = (
				B6BD49AE2AF0FAD000349C7A /* CreateGroupView.swift in Sources */,
				B6F2C0402ADC221B00960084 /* AuthViewModel.swift in Sources */,
				B6F2C0412ADC221B00960084 /* AuthView.swift in Sources */,
				B6BD45C72B26EDBF000296E4 /* DestinationHolderView.swift in Sources */,
				B6B9E7D42AE9F3520056D175 /* NavigationLink.swift in Sources */,
				B6BD45C52B26EA76000296E4 /* NavigationPath.swift in Sources */,
				B61BE96D2AE15E50003BC55B /* APIHandler.swift in Sources */,
				B6FEEA2D2AFCBAF10040725E /* ViewModelBase.swift in Sources */,
				B62C9C902AE3BCBA0048A166 /* Caracter+.swift in Sources */,
				B6B9E7F42AEF97740056D175 /* EnvironmentValues+.swift in Sources */,
				B62AAE192B09A161004862F2 /* Rewards.swift in Sources */,
				B6B9E7ED2AEF37350056D175 /* Group.swift in Sources */,
				B68565BB2AE94CE3002C8413 /* Loading.swift in Sources */,
				B64E1CD72AD3923E00A876CC /* Error.swift in Sources */,
				B62AAE0D2B099C5A004862F2 /* FrequencyType.swift in Sources */,
				B6A2F26C2B02216800F779CC /* GroupComponent.swift in Sources */,
				B6B9E7EE2AEF37350056D175 /* Group+Schema.swift in Sources */,
				B6BD45C92B26EE13000296E4 /* PageRouter.swift in Sources */,
				B62AAE222B0B4078004862F2 /* CreateTaskView.swift in Sources */,
				B62AAE1A2B09A161004862F2 /* Tasks.swift in Sources */,
				B6BD49AB2AF0F23C00349C7A /* TemplateViewModel.swift in Sources */,
				B61BE9622ADD29E0003BC55B /* AmplifyAuthService.swift in Sources */,
				B68565BD2AE94EBA002C8413 /* LoadingModifier.swift in Sources */,
				B6F2C0512ADC225900960084 /* TextField.swift in Sources */,
				B6F2C0522ADC225900960084 /* Button.swift in Sources */,
				B62C9C8E2AE3BC570048A166 /* String+.swift in Sources */,
				B62AAE0C2B099C5A004862F2 /* WhoGetsPaid.swift in Sources */,
				B61BE9672AE00FC8003BC55B /* LoadingState.swift in Sources */,
				B6B49DAF2AFB2F9F00CF0E6A /* AmplifyStorageService.swift in Sources */,
				B6B9E8072AF0928F0056D175 /* Rows.swift in Sources */,
				B611603F2B29589400489E95 /* CreateRewardsView.swift in Sources */,
				B6BD49A92AF0F23000349C7A /* TemplateView.swift in Sources */,
				B62C9C962AE5116E0048A166 /* RootView.swift in Sources */,
				B62AAE182B09A161004862F2 /* Rewards+Schema.swift in Sources */,
				B62AAE1D2B09A1E4004862F2 /* TasksService.swift in Sources */,
				B61160412B2958A800489E95 /* CreateRewardsViewModel.swift in Sources */,
				B64E1CC02AD38B5B00A876CC /* AppDelegate.swift in Sources */,
				B6B9E7D62AECEC660056D175 /* Notice.swift in Sources */,
				B6FEEA262AFC8D5B0040725E /* Label.swift in Sources */,
				B62C9C942AE3C4E60048A166 /* ValidationModifier.swift in Sources */,
				B6B49DB32AFB396500CF0E6A /* Picker.swift in Sources */,
				B6B9E7D82AECF26D0056D175 /* SectionModifier.swift in Sources */,
				B6B9E7EF2AEF37350056D175 /* AccountType.swift in Sources */,
				B6BD49B02AF0FAE100349C7A /* CreateGroupViewModel.swift in Sources */,
				B62AAE242B0B408E004862F2 /* CreateTaskViewModel.swift in Sources */,
				B69A76C32AE3B6EF009228EC /* Validation.swift in Sources */,
				B62AAE2D2B144A53004862F2 /* EnumUtility.swift in Sources */,
				B61E206C2AC9247000EF3CEB /* ContentView.swift in Sources */,
				B62AAE2A2B143C6C004862F2 /* Image+.swift in Sources */,
				B65C8E9F2B0870270083080D /* GroupDetailView.swift in Sources */,
				B6B9E7EB2AEF37350056D175 /* User.swift in Sources */,
				B62C9C922AE3C0300048A166 /* Regex.swift in Sources */,
				B651F7552B01A3D400AE6FF6 /* PopupModifier.swift in Sources */,
				B62AAE1B2B09A161004862F2 /* Tasks+Schema.swift in Sources */,
				B62AAE2F2B144D39004862F2 /* General.swift in Sources */,
				B6B49DB12AFB30E900CF0E6A /* Int+.swift in Sources */,
				B6B9E7F22AEF970B0056D175 /* Environments.swift in Sources */,
				B61BE95F2ADCBE69003BC55B /* Toolbar.swift in Sources */,
				B65C8EA12B0870480083080D /* GroupDetailViewModel.swift in Sources */,
				B6BD49B22AF105AB00349C7A /* HooView.swift in Sources */,
				B61E206A2AC9247000EF3CEB /* ICEApp.swift in Sources */,
				B6B9E7EA2AEF37350056D175 /* User+Schema.swift in Sources */,
				B62AAE102B099C5A004862F2 /* PeriodicType.swift in Sources */,
				B6F2C04C2ADC224600960084 /* View+.swift in Sources */,
				B62AAE1F2B09A24E004862F2 /* APIService.swift in Sources */,
				B6B9E7E62AEF37350056D175 /* AmplifyModels.swift in Sources */,
				B61BE95D2ADCBD79003BC55B /* ToolbarModifier.swift in Sources */,
				B61BE96A2AE0B6C2003BC55B /* HomeView.swift in Sources */,
				B62AAE022B08A6D1004862F2 /* Type.swift in Sources */,
				B62C9C982AE5FAB40048A166 /* HomeViewModel.swift in Sources */,
				B6B9E7DA2AEDF2990056D175 /* Image.swift in Sources */,
				B6F2C04E2ADC225000960084 /* FocusField.swift in Sources */,
			);
			runOnlyForDeploymentPostprocessing = 0;
		};
		B61E20722AC9247100EF3CEB /* Sources */ = {
			isa = PBXSourcesBuildPhase;
			buildActionMask = 2147483647;
			files = (
				B61E207B2AC9247100EF3CEB /* ICETests.swift in Sources */,
			);
			runOnlyForDeploymentPostprocessing = 0;
		};
		B61E207C2AC9247100EF3CEB /* Sources */ = {
			isa = PBXSourcesBuildPhase;
			buildActionMask = 2147483647;
			files = (
				B61E20872AC9247100EF3CEB /* ICEUITestsLaunchTests.swift in Sources */,
				B61E20852AC9247100EF3CEB /* ICEUITests.swift in Sources */,
			);
			runOnlyForDeploymentPostprocessing = 0;
		};
/* End PBXSourcesBuildPhase section */

/* Begin PBXTargetDependency section */
		B61E20782AC9247100EF3CEB /* PBXTargetDependency */ = {
			isa = PBXTargetDependency;
			target = B61E20652AC9247000EF3CEB /* ICE */;
			targetProxy = B61E20772AC9247100EF3CEB /* PBXContainerItemProxy */;
		};
		B61E20822AC9247100EF3CEB /* PBXTargetDependency */ = {
			isa = PBXTargetDependency;
			target = B61E20652AC9247000EF3CEB /* ICE */;
			targetProxy = B61E20812AC9247100EF3CEB /* PBXContainerItemProxy */;
		};
/* End PBXTargetDependency section */

/* Begin XCBuildConfiguration section */
		B61E20882AC9247100EF3CEB /* Debug */ = {
			isa = XCBuildConfiguration;
			buildSettings = {
				ALWAYS_SEARCH_USER_PATHS = NO;
				AMPLIFY_CONFIG_FILE = amplifyconfiguration_dev;
				CLANG_ANALYZER_NONNULL = YES;
				CLANG_ANALYZER_NUMBER_OBJECT_CONVERSION = YES_AGGRESSIVE;
				CLANG_CXX_LANGUAGE_STANDARD = "gnu++20";
				CLANG_ENABLE_MODULES = YES;
				CLANG_ENABLE_OBJC_ARC = YES;
				CLANG_ENABLE_OBJC_WEAK = YES;
				CLANG_WARN_BLOCK_CAPTURE_AUTORELEASING = YES;
				CLANG_WARN_BOOL_CONVERSION = YES;
				CLANG_WARN_COMMA = YES;
				CLANG_WARN_CONSTANT_CONVERSION = YES;
				CLANG_WARN_DEPRECATED_OBJC_IMPLEMENTATIONS = YES;
				CLANG_WARN_DIRECT_OBJC_ISA_USAGE = YES_ERROR;
				CLANG_WARN_DOCUMENTATION_COMMENTS = YES;
				CLANG_WARN_EMPTY_BODY = YES;
				CLANG_WARN_ENUM_CONVERSION = YES;
				CLANG_WARN_INFINITE_RECURSION = YES;
				CLANG_WARN_INT_CONVERSION = YES;
				CLANG_WARN_NON_LITERAL_NULL_CONVERSION = YES;
				CLANG_WARN_OBJC_IMPLICIT_RETAIN_SELF = YES;
				CLANG_WARN_OBJC_LITERAL_CONVERSION = YES;
				CLANG_WARN_OBJC_ROOT_CLASS = YES_ERROR;
				CLANG_WARN_QUOTED_INCLUDE_IN_FRAMEWORK_HEADER = YES;
				CLANG_WARN_RANGE_LOOP_ANALYSIS = YES;
				CLANG_WARN_STRICT_PROTOTYPES = YES;
				CLANG_WARN_SUSPICIOUS_MOVE = YES;
				CLANG_WARN_UNGUARDED_AVAILABILITY = YES_AGGRESSIVE;
				CLANG_WARN_UNREACHABLE_CODE = YES;
				CLANG_WARN__DUPLICATE_METHOD_MATCH = YES;
				COPY_PHASE_STRIP = NO;
				DEBUG_INFORMATION_FORMAT = dwarf;
				ENABLE_STRICT_OBJC_MSGSEND = YES;
				ENABLE_TESTABILITY = YES;
				GCC_C_LANGUAGE_STANDARD = gnu11;
				GCC_DYNAMIC_NO_PIC = NO;
				GCC_NO_COMMON_BLOCKS = YES;
				GCC_OPTIMIZATION_LEVEL = 0;
				GCC_PREPROCESSOR_DEFINITIONS = (
					"DEBUG=1",
					"$(inherited)",
				);
				GCC_WARN_64_TO_32_BIT_CONVERSION = YES;
				GCC_WARN_ABOUT_RETURN_TYPE = YES_ERROR;
				GCC_WARN_UNDECLARED_SELECTOR = YES;
				GCC_WARN_UNINITIALIZED_AUTOS = YES_AGGRESSIVE;
				GCC_WARN_UNUSED_FUNCTION = YES;
				GCC_WARN_UNUSED_VARIABLE = YES;
				IPHONEOS_DEPLOYMENT_TARGET = 16.4;
				MTL_ENABLE_DEBUG_INFO = INCLUDE_SOURCE;
				MTL_FAST_MATH = YES;
				ONLY_ACTIVE_ARCH = YES;
				OTHER_SWIFT_FLAGS = "";
				PRODUCT_BUNDLE_IDENTIFIER = "";
				SAMPLE_DISPLAY_NAME_PREFIX = "";
				SDKROOT = iphoneos;
				SWIFT_ACTIVE_COMPILATION_CONDITIONS = DEBUG;
				SWIFT_OPTIMIZATION_LEVEL = "-Onone";
			};
			name = Debug;
		};
		B61E20892AC9247100EF3CEB /* Release */ = {
			isa = XCBuildConfiguration;
			buildSettings = {
				ALWAYS_SEARCH_USER_PATHS = NO;
				AMPLIFY_CONFIG_FILE = amplifyconfiguration_prod;
				CLANG_ANALYZER_NONNULL = YES;
				CLANG_ANALYZER_NUMBER_OBJECT_CONVERSION = YES_AGGRESSIVE;
				CLANG_CXX_LANGUAGE_STANDARD = "gnu++20";
				CLANG_ENABLE_MODULES = YES;
				CLANG_ENABLE_OBJC_ARC = YES;
				CLANG_ENABLE_OBJC_WEAK = YES;
				CLANG_WARN_BLOCK_CAPTURE_AUTORELEASING = YES;
				CLANG_WARN_BOOL_CONVERSION = YES;
				CLANG_WARN_COMMA = YES;
				CLANG_WARN_CONSTANT_CONVERSION = YES;
				CLANG_WARN_DEPRECATED_OBJC_IMPLEMENTATIONS = YES;
				CLANG_WARN_DIRECT_OBJC_ISA_USAGE = YES_ERROR;
				CLANG_WARN_DOCUMENTATION_COMMENTS = YES;
				CLANG_WARN_EMPTY_BODY = YES;
				CLANG_WARN_ENUM_CONVERSION = YES;
				CLANG_WARN_INFINITE_RECURSION = YES;
				CLANG_WARN_INT_CONVERSION = YES;
				CLANG_WARN_NON_LITERAL_NULL_CONVERSION = YES;
				CLANG_WARN_OBJC_IMPLICIT_RETAIN_SELF = YES;
				CLANG_WARN_OBJC_LITERAL_CONVERSION = YES;
				CLANG_WARN_OBJC_ROOT_CLASS = YES_ERROR;
				CLANG_WARN_QUOTED_INCLUDE_IN_FRAMEWORK_HEADER = YES;
				CLANG_WARN_RANGE_LOOP_ANALYSIS = YES;
				CLANG_WARN_STRICT_PROTOTYPES = YES;
				CLANG_WARN_SUSPICIOUS_MOVE = YES;
				CLANG_WARN_UNGUARDED_AVAILABILITY = YES_AGGRESSIVE;
				CLANG_WARN_UNREACHABLE_CODE = YES;
				CLANG_WARN__DUPLICATE_METHOD_MATCH = YES;
				COPY_PHASE_STRIP = NO;
				DEBUG_INFORMATION_FORMAT = "dwarf-with-dsym";
				ENABLE_NS_ASSERTIONS = NO;
				ENABLE_STRICT_OBJC_MSGSEND = YES;
				GCC_C_LANGUAGE_STANDARD = gnu11;
				GCC_NO_COMMON_BLOCKS = YES;
				GCC_WARN_64_TO_32_BIT_CONVERSION = YES;
				GCC_WARN_ABOUT_RETURN_TYPE = YES_ERROR;
				GCC_WARN_UNDECLARED_SELECTOR = YES;
				GCC_WARN_UNINITIALIZED_AUTOS = YES_AGGRESSIVE;
				GCC_WARN_UNUSED_FUNCTION = YES;
				GCC_WARN_UNUSED_VARIABLE = YES;
				IPHONEOS_DEPLOYMENT_TARGET = 16.4;
				MTL_ENABLE_DEBUG_INFO = NO;
				MTL_FAST_MATH = YES;
				PRODUCT_BUNDLE_IDENTIFIER = "";
				SAMPLE_DISPLAY_NAME_PREFIX = "";
				SDKROOT = iphoneos;
				SWIFT_COMPILATION_MODE = wholemodule;
				SWIFT_OPTIMIZATION_LEVEL = "-O";
				VALIDATE_PRODUCT = YES;
			};
			name = Release;
		};
		B61E208B2AC9247100EF3CEB /* Debug */ = {
			isa = XCBuildConfiguration;
			buildSettings = {
				AMPLIFY_CONFIG_FILE = amplifyconfiguration_dev;
				ASSETCATALOG_COMPILER_APPICON_NAME = AppIcon;
				ASSETCATALOG_COMPILER_GLOBAL_ACCENT_COLOR_NAME = AccentColor;
				CODE_SIGN_STYLE = Automatic;
				CURRENT_PROJECT_VERSION = 1;
				DEVELOPMENT_ASSET_PATHS = "\"ICE/Preview Content\"";
				DEVELOPMENT_TEAM = GJ2499U42D;
				ENABLE_PREVIEWS = YES;
				GENERATE_INFOPLIST_FILE = YES;
				INFOPLIST_FILE = ICE/Info.plist;
				INFOPLIST_KEY_UIApplicationSceneManifest_Generation = YES;
				INFOPLIST_KEY_UIApplicationSupportsIndirectInputEvents = YES;
				INFOPLIST_KEY_UILaunchScreen_Generation = YES;
				INFOPLIST_KEY_UISupportedInterfaceOrientations_iPad = "UIInterfaceOrientationPortrait UIInterfaceOrientationPortraitUpsideDown UIInterfaceOrientationLandscapeLeft UIInterfaceOrientationLandscapeRight";
				INFOPLIST_KEY_UISupportedInterfaceOrientations_iPhone = "UIInterfaceOrientationPortrait UIInterfaceOrientationLandscapeLeft UIInterfaceOrientationLandscapeRight";
				LD_RUNPATH_SEARCH_PATHS = (
					"$(inherited)",
					"@executable_path/Frameworks",
				);
				MARKETING_VERSION = 1.0;
				PRODUCT_BUNDLE_IDENTIFIER = com.jadigo.ICE;
				PRODUCT_NAME = "$(TARGET_NAME)";
				SWIFT_EMIT_LOC_STRINGS = YES;
				SWIFT_VERSION = 5.0;
				TARGETED_DEVICE_FAMILY = "1,2";
			};
			name = Debug;
		};
		B61E208C2AC9247100EF3CEB /* Release */ = {
			isa = XCBuildConfiguration;
			buildSettings = {
				AMPLIFY_CONFIG_FILE = amplifyconfiguration_prod;
				ASSETCATALOG_COMPILER_APPICON_NAME = AppIcon;
				ASSETCATALOG_COMPILER_GLOBAL_ACCENT_COLOR_NAME = AccentColor;
				CODE_SIGN_STYLE = Automatic;
				CURRENT_PROJECT_VERSION = 1;
				DEVELOPMENT_ASSET_PATHS = "\"ICE/Preview Content\"";
				DEVELOPMENT_TEAM = GJ2499U42D;
				ENABLE_PREVIEWS = YES;
				GENERATE_INFOPLIST_FILE = YES;
				INFOPLIST_FILE = ICE/Info.plist;
				INFOPLIST_KEY_UIApplicationSceneManifest_Generation = YES;
				INFOPLIST_KEY_UIApplicationSupportsIndirectInputEvents = YES;
				INFOPLIST_KEY_UILaunchScreen_Generation = YES;
				INFOPLIST_KEY_UISupportedInterfaceOrientations_iPad = "UIInterfaceOrientationPortrait UIInterfaceOrientationPortraitUpsideDown UIInterfaceOrientationLandscapeLeft UIInterfaceOrientationLandscapeRight";
				INFOPLIST_KEY_UISupportedInterfaceOrientations_iPhone = "UIInterfaceOrientationPortrait UIInterfaceOrientationLandscapeLeft UIInterfaceOrientationLandscapeRight";
				LD_RUNPATH_SEARCH_PATHS = (
					"$(inherited)",
					"@executable_path/Frameworks",
				);
				MARKETING_VERSION = 1.0;
				PRODUCT_BUNDLE_IDENTIFIER = com.jadigo.ICE;
				PRODUCT_NAME = "$(TARGET_NAME)";
				SAMPLE_DISPLAY_NAME_PREFIX = "";
				SWIFT_EMIT_LOC_STRINGS = YES;
				SWIFT_VERSION = 5.0;
				TARGETED_DEVICE_FAMILY = "1,2";
			};
			name = Release;
		};
		B61E208E2AC9247100EF3CEB /* Debug */ = {
			isa = XCBuildConfiguration;
			buildSettings = {
				ALWAYS_EMBED_SWIFT_STANDARD_LIBRARIES = YES;
				BUNDLE_LOADER = "$(TEST_HOST)";
				CODE_SIGN_STYLE = Automatic;
				CURRENT_PROJECT_VERSION = 1;
				DEVELOPMENT_TEAM = GJ2499U42D;
				GENERATE_INFOPLIST_FILE = YES;
				IPHONEOS_DEPLOYMENT_TARGET = 16.4;
				MARKETING_VERSION = 1.0;
				PRODUCT_BUNDLE_IDENTIFIER = "com.yuki-s-e.ICETests";
				PRODUCT_NAME = "$(TARGET_NAME)";
				SWIFT_EMIT_LOC_STRINGS = NO;
				SWIFT_VERSION = 5.0;
				TARGETED_DEVICE_FAMILY = "1,2";
				TEST_HOST = "$(BUILT_PRODUCTS_DIR)/ICE.app/$(BUNDLE_EXECUTABLE_FOLDER_PATH)/ICE";
			};
			name = Debug;
		};
		B61E208F2AC9247100EF3CEB /* Release */ = {
			isa = XCBuildConfiguration;
			buildSettings = {
				ALWAYS_EMBED_SWIFT_STANDARD_LIBRARIES = YES;
				BUNDLE_LOADER = "$(TEST_HOST)";
				CODE_SIGN_STYLE = Automatic;
				CURRENT_PROJECT_VERSION = 1;
				DEVELOPMENT_TEAM = GJ2499U42D;
				GENERATE_INFOPLIST_FILE = YES;
				IPHONEOS_DEPLOYMENT_TARGET = 16.4;
				MARKETING_VERSION = 1.0;
				PRODUCT_BUNDLE_IDENTIFIER = "com.yuki-s-e.ICETests";
				PRODUCT_NAME = "$(TARGET_NAME)";
				SWIFT_EMIT_LOC_STRINGS = NO;
				SWIFT_VERSION = 5.0;
				TARGETED_DEVICE_FAMILY = "1,2";
				TEST_HOST = "$(BUILT_PRODUCTS_DIR)/ICE.app/$(BUNDLE_EXECUTABLE_FOLDER_PATH)/ICE";
			};
			name = Release;
		};
		B61E20912AC9247100EF3CEB /* Debug */ = {
			isa = XCBuildConfiguration;
			buildSettings = {
				ALWAYS_EMBED_SWIFT_STANDARD_LIBRARIES = YES;
				CODE_SIGN_STYLE = Automatic;
				CURRENT_PROJECT_VERSION = 1;
				DEVELOPMENT_TEAM = GJ2499U42D;
				GENERATE_INFOPLIST_FILE = YES;
				MARKETING_VERSION = 1.0;
				PRODUCT_BUNDLE_IDENTIFIER = "com.yuki-s-e.ICEUITests";
				PRODUCT_NAME = "$(TARGET_NAME)";
				SWIFT_EMIT_LOC_STRINGS = NO;
				SWIFT_VERSION = 5.0;
				TARGETED_DEVICE_FAMILY = "1,2";
				TEST_TARGET_NAME = ICE;
			};
			name = Debug;
		};
		B61E20922AC9247100EF3CEB /* Release */ = {
			isa = XCBuildConfiguration;
			buildSettings = {
				ALWAYS_EMBED_SWIFT_STANDARD_LIBRARIES = YES;
				CODE_SIGN_STYLE = Automatic;
				CURRENT_PROJECT_VERSION = 1;
				DEVELOPMENT_TEAM = GJ2499U42D;
				GENERATE_INFOPLIST_FILE = YES;
				MARKETING_VERSION = 1.0;
				PRODUCT_BUNDLE_IDENTIFIER = "com.yuki-s-e.ICEUITests";
				PRODUCT_NAME = "$(TARGET_NAME)";
				SWIFT_EMIT_LOC_STRINGS = NO;
				SWIFT_VERSION = 5.0;
				TARGETED_DEVICE_FAMILY = "1,2";
				TEST_TARGET_NAME = ICE;
			};
			name = Release;
		};
		B64E1CBB2AD38AC200A876CC /* ProdDebug */ = {
			isa = XCBuildConfiguration;
			buildSettings = {
				ALWAYS_SEARCH_USER_PATHS = NO;
				AMPLIFY_CONFIG_FILE = amplifyconfiguration_prod;
				CLANG_ANALYZER_NONNULL = YES;
				CLANG_ANALYZER_NUMBER_OBJECT_CONVERSION = YES_AGGRESSIVE;
				CLANG_CXX_LANGUAGE_STANDARD = "gnu++20";
				CLANG_ENABLE_MODULES = YES;
				CLANG_ENABLE_OBJC_ARC = YES;
				CLANG_ENABLE_OBJC_WEAK = YES;
				CLANG_WARN_BLOCK_CAPTURE_AUTORELEASING = YES;
				CLANG_WARN_BOOL_CONVERSION = YES;
				CLANG_WARN_COMMA = YES;
				CLANG_WARN_CONSTANT_CONVERSION = YES;
				CLANG_WARN_DEPRECATED_OBJC_IMPLEMENTATIONS = YES;
				CLANG_WARN_DIRECT_OBJC_ISA_USAGE = YES_ERROR;
				CLANG_WARN_DOCUMENTATION_COMMENTS = YES;
				CLANG_WARN_EMPTY_BODY = YES;
				CLANG_WARN_ENUM_CONVERSION = YES;
				CLANG_WARN_INFINITE_RECURSION = YES;
				CLANG_WARN_INT_CONVERSION = YES;
				CLANG_WARN_NON_LITERAL_NULL_CONVERSION = YES;
				CLANG_WARN_OBJC_IMPLICIT_RETAIN_SELF = YES;
				CLANG_WARN_OBJC_LITERAL_CONVERSION = YES;
				CLANG_WARN_OBJC_ROOT_CLASS = YES_ERROR;
				CLANG_WARN_QUOTED_INCLUDE_IN_FRAMEWORK_HEADER = YES;
				CLANG_WARN_RANGE_LOOP_ANALYSIS = YES;
				CLANG_WARN_STRICT_PROTOTYPES = YES;
				CLANG_WARN_SUSPICIOUS_MOVE = YES;
				CLANG_WARN_UNGUARDED_AVAILABILITY = YES_AGGRESSIVE;
				CLANG_WARN_UNREACHABLE_CODE = YES;
				CLANG_WARN__DUPLICATE_METHOD_MATCH = YES;
				COPY_PHASE_STRIP = NO;
				DEBUG_INFORMATION_FORMAT = dwarf;
				ENABLE_STRICT_OBJC_MSGSEND = YES;
				ENABLE_TESTABILITY = YES;
				GCC_C_LANGUAGE_STANDARD = gnu11;
				GCC_DYNAMIC_NO_PIC = NO;
				GCC_NO_COMMON_BLOCKS = YES;
				GCC_OPTIMIZATION_LEVEL = 0;
				GCC_PREPROCESSOR_DEFINITIONS = (
					"DEBUG=1",
					"$(inherited)",
				);
				GCC_WARN_64_TO_32_BIT_CONVERSION = YES;
				GCC_WARN_ABOUT_RETURN_TYPE = YES_ERROR;
				GCC_WARN_UNDECLARED_SELECTOR = YES;
				GCC_WARN_UNINITIALIZED_AUTOS = YES_AGGRESSIVE;
				GCC_WARN_UNUSED_FUNCTION = YES;
				GCC_WARN_UNUSED_VARIABLE = YES;
				IPHONEOS_DEPLOYMENT_TARGET = 16.4;
				MTL_ENABLE_DEBUG_INFO = INCLUDE_SOURCE;
				MTL_FAST_MATH = YES;
				ONLY_ACTIVE_ARCH = YES;
				OTHER_SWIFT_FLAGS = "";
				PRODUCT_BUNDLE_IDENTIFIER = "";
				SAMPLE_DISPLAY_NAME_PREFIX = "";
				SDKROOT = iphoneos;
				SWIFT_ACTIVE_COMPILATION_CONDITIONS = PROD;
				SWIFT_OPTIMIZATION_LEVEL = "-Onone";
			};
			name = ProdDebug;
		};
		B64E1CBC2AD38AC200A876CC /* ProdDebug */ = {
			isa = XCBuildConfiguration;
			buildSettings = {
				AMPLIFY_CONFIG_FILE = amplifyconfiguration_prod;
				ASSETCATALOG_COMPILER_APPICON_NAME = AppIcon;
				ASSETCATALOG_COMPILER_GLOBAL_ACCENT_COLOR_NAME = AccentColor;
				CODE_SIGN_STYLE = Automatic;
				CURRENT_PROJECT_VERSION = 1;
				DEVELOPMENT_ASSET_PATHS = "\"ICE/Preview Content\"";
				DEVELOPMENT_TEAM = GJ2499U42D;
				ENABLE_PREVIEWS = YES;
				GENERATE_INFOPLIST_FILE = YES;
				INFOPLIST_FILE = ICE/Info.plist;
				INFOPLIST_KEY_UIApplicationSceneManifest_Generation = YES;
				INFOPLIST_KEY_UIApplicationSupportsIndirectInputEvents = YES;
				INFOPLIST_KEY_UILaunchScreen_Generation = YES;
				INFOPLIST_KEY_UISupportedInterfaceOrientations_iPad = "UIInterfaceOrientationPortrait UIInterfaceOrientationPortraitUpsideDown UIInterfaceOrientationLandscapeLeft UIInterfaceOrientationLandscapeRight";
				INFOPLIST_KEY_UISupportedInterfaceOrientations_iPhone = "UIInterfaceOrientationPortrait UIInterfaceOrientationLandscapeLeft UIInterfaceOrientationLandscapeRight";
				LD_RUNPATH_SEARCH_PATHS = (
					"$(inherited)",
					"@executable_path/Frameworks",
				);
				MARKETING_VERSION = 1.0;
				PRODUCT_BUNDLE_IDENTIFIER = com.jadigo.ICE;
				PRODUCT_NAME = "$(TARGET_NAME)";
				SWIFT_EMIT_LOC_STRINGS = YES;
				SWIFT_VERSION = 5.0;
				TARGETED_DEVICE_FAMILY = "1,2";
			};
			name = ProdDebug;
		};
		B64E1CBD2AD38AC200A876CC /* ProdDebug */ = {
			isa = XCBuildConfiguration;
			buildSettings = {
				ALWAYS_EMBED_SWIFT_STANDARD_LIBRARIES = YES;
				BUNDLE_LOADER = "$(TEST_HOST)";
				CODE_SIGN_STYLE = Automatic;
				CURRENT_PROJECT_VERSION = 1;
				DEVELOPMENT_TEAM = GJ2499U42D;
				GENERATE_INFOPLIST_FILE = YES;
				IPHONEOS_DEPLOYMENT_TARGET = 16.4;
				MARKETING_VERSION = 1.0;
				PRODUCT_BUNDLE_IDENTIFIER = "com.yuki-s-e.ICETests";
				PRODUCT_NAME = "$(TARGET_NAME)";
				SWIFT_EMIT_LOC_STRINGS = NO;
				SWIFT_VERSION = 5.0;
				TARGETED_DEVICE_FAMILY = "1,2";
				TEST_HOST = "$(BUILT_PRODUCTS_DIR)/ICE.app/$(BUNDLE_EXECUTABLE_FOLDER_PATH)/ICE";
			};
			name = ProdDebug;
		};
		B64E1CBE2AD38AC200A876CC /* ProdDebug */ = {
			isa = XCBuildConfiguration;
			buildSettings = {
				ALWAYS_EMBED_SWIFT_STANDARD_LIBRARIES = YES;
				CODE_SIGN_STYLE = Automatic;
				CURRENT_PROJECT_VERSION = 1;
				DEVELOPMENT_TEAM = GJ2499U42D;
				GENERATE_INFOPLIST_FILE = YES;
				MARKETING_VERSION = 1.0;
				PRODUCT_BUNDLE_IDENTIFIER = "com.yuki-s-e.ICEUITests";
				PRODUCT_NAME = "$(TARGET_NAME)";
				SWIFT_EMIT_LOC_STRINGS = NO;
				SWIFT_VERSION = 5.0;
				TARGETED_DEVICE_FAMILY = "1,2";
				TEST_TARGET_NAME = ICE;
			};
			name = ProdDebug;
		};
/* End XCBuildConfiguration section */

/* Begin XCConfigurationList section */
		B61E20612AC9247000EF3CEB /* Build configuration list for PBXProject "ICE" */ = {
			isa = XCConfigurationList;
			buildConfigurations = (
				B61E20882AC9247100EF3CEB /* Debug */,
				B64E1CBB2AD38AC200A876CC /* ProdDebug */,
				B61E20892AC9247100EF3CEB /* Release */,
			);
			defaultConfigurationIsVisible = 0;
			defaultConfigurationName = Debug;
		};
		B61E208A2AC9247100EF3CEB /* Build configuration list for PBXNativeTarget "ICE" */ = {
			isa = XCConfigurationList;
			buildConfigurations = (
				B61E208B2AC9247100EF3CEB /* Debug */,
				B64E1CBC2AD38AC200A876CC /* ProdDebug */,
				B61E208C2AC9247100EF3CEB /* Release */,
			);
			defaultConfigurationIsVisible = 0;
			defaultConfigurationName = Debug;
		};
		B61E208D2AC9247100EF3CEB /* Build configuration list for PBXNativeTarget "ICETests" */ = {
			isa = XCConfigurationList;
			buildConfigurations = (
				B61E208E2AC9247100EF3CEB /* Debug */,
				B64E1CBD2AD38AC200A876CC /* ProdDebug */,
				B61E208F2AC9247100EF3CEB /* Release */,
			);
			defaultConfigurationIsVisible = 0;
			defaultConfigurationName = Debug;
		};
		B61E20902AC9247100EF3CEB /* Build configuration list for PBXNativeTarget "ICEUITests" */ = {
			isa = XCConfigurationList;
			buildConfigurations = (
				B61E20912AC9247100EF3CEB /* Debug */,
				B64E1CBE2AD38AC200A876CC /* ProdDebug */,
				B61E20922AC9247100EF3CEB /* Release */,
			);
			defaultConfigurationIsVisible = 0;
			defaultConfigurationName = Debug;
		};
/* End XCConfigurationList section */

/* Begin XCRemoteSwiftPackageReference section */
		B64E1CCB2AD38CC500A876CC /* XCRemoteSwiftPackageReference "amplify-swift" */ = {
			isa = XCRemoteSwiftPackageReference;
			repositoryURL = "https://github.com/aws-amplify/amplify-swift";
			requirement = {
				kind = upToNextMajorVersion;
				minimumVersion = 2.19.0;
			};
		};
		B6A71B4F2B25965200B9E938 /* XCRemoteSwiftPackageReference "Kingfisher" */ = {
			isa = XCRemoteSwiftPackageReference;
			repositoryURL = "https://github.com/onevcat/Kingfisher.git";
			requirement = {
				kind = upToNextMajorVersion;
				minimumVersion = 7.10.1;
			};
		};
/* End XCRemoteSwiftPackageReference section */

/* Begin XCSwiftPackageProductDependency section */
		B64E1CCC2AD38CC500A876CC /* AWSAPIPlugin */ = {
			isa = XCSwiftPackageProductDependency;
			package = B64E1CCB2AD38CC500A876CC /* XCRemoteSwiftPackageReference "amplify-swift" */;
			productName = AWSAPIPlugin;
		};
		B64E1CCE2AD38CC500A876CC /* AWSCognitoAuthPlugin */ = {
			isa = XCSwiftPackageProductDependency;
			package = B64E1CCB2AD38CC500A876CC /* XCRemoteSwiftPackageReference "amplify-swift" */;
			productName = AWSCognitoAuthPlugin;
		};
		B64E1CD02AD38CC500A876CC /* AWSPluginsCore */ = {
			isa = XCSwiftPackageProductDependency;
			package = B64E1CCB2AD38CC500A876CC /* XCRemoteSwiftPackageReference "amplify-swift" */;
			productName = AWSPluginsCore;
		};
		B64E1CD22AD38CC500A876CC /* Amplify */ = {
			isa = XCSwiftPackageProductDependency;
			package = B64E1CCB2AD38CC500A876CC /* XCRemoteSwiftPackageReference "amplify-swift" */;
			productName = Amplify;
		};
		B6A71B502B25965200B9E938 /* Kingfisher */ = {
			isa = XCSwiftPackageProductDependency;
			package = B6A71B4F2B25965200B9E938 /* XCRemoteSwiftPackageReference "Kingfisher" */;
			productName = Kingfisher;
		};
		B6B49DAA2AFB2BD700CF0E6A /* AWSS3StoragePlugin */ = {
			isa = XCSwiftPackageProductDependency;
			package = B64E1CCB2AD38CC500A876CC /* XCRemoteSwiftPackageReference "amplify-swift" */;
			productName = AWSS3StoragePlugin;
		};
/* End XCSwiftPackageProductDependency section */
	};
	rootObject = B61E205E2AC9247000EF3CEB /* Project object */;
}
