// !$*UTF8*$!
{
	archiveVersion = 1;
	classes = {
	};
	objectVersion = 56;
	objects = {

/* Begin PBXBuildFile section */
		B61E206A2AC9247000EF3CEB /* ICEApp.swift in Sources */ = {isa = PBXBuildFile; fileRef = B61E20692AC9247000EF3CEB /* ICEApp.swift */; };
		B61E206C2AC9247000EF3CEB /* ContentView.swift in Sources */ = {isa = PBXBuildFile; fileRef = B61E206B2AC9247000EF3CEB /* ContentView.swift */; };
		B61E206E2AC9247100EF3CEB /* Assets.xcassets in Resources */ = {isa = PBXBuildFile; fileRef = B61E206D2AC9247100EF3CEB /* Assets.xcassets */; };
		B61E20712AC9247100EF3CEB /* Preview Assets.xcassets in Resources */ = {isa = PBXBuildFile; fileRef = B61E20702AC9247100EF3CEB /* Preview Assets.xcassets */; };
		B61E207B2AC9247100EF3CEB /* ICETests.swift in Sources */ = {isa = PBXBuildFile; fileRef = B61E207A2AC9247100EF3CEB /* ICETests.swift */; };
		B61E20852AC9247100EF3CEB /* ICEUITests.swift in Sources */ = {isa = PBXBuildFile; fileRef = B61E20842AC9247100EF3CEB /* ICEUITests.swift */; };
		B61E20872AC9247100EF3CEB /* ICEUITestsLaunchTests.swift in Sources */ = {isa = PBXBuildFile; fileRef = B61E20862AC9247100EF3CEB /* ICEUITestsLaunchTests.swift */; };
		B64E1CC02AD38B5B00A876CC /* AppDelegate.swift in Sources */ = {isa = PBXBuildFile; fileRef = B64E1CBF2AD38B5B00A876CC /* AppDelegate.swift */; };
		B64E1CC92AD38BD700A876CC /* amplifyconfiguration_dev.json in Resources */ = {isa = PBXBuildFile; fileRef = B64E1CC42AD38BCE00A876CC /* amplifyconfiguration_dev.json */; };
		B64E1CCA2AD38BD700A876CC /* amplifyconfiguration_prod.json in Resources */ = {isa = PBXBuildFile; fileRef = B64E1CC62AD38BD700A876CC /* amplifyconfiguration_prod.json */; };
		B64E1CCD2AD38CC500A876CC /* AWSAPIPlugin in Frameworks */ = {isa = PBXBuildFile; productRef = B64E1CCC2AD38CC500A876CC /* AWSAPIPlugin */; };
		B64E1CCF2AD38CC500A876CC /* AWSCognitoAuthPlugin in Frameworks */ = {isa = PBXBuildFile; productRef = B64E1CCE2AD38CC500A876CC /* AWSCognitoAuthPlugin */; };
		B64E1CD12AD38CC500A876CC /* AWSPluginsCore in Frameworks */ = {isa = PBXBuildFile; productRef = B64E1CD02AD38CC500A876CC /* AWSPluginsCore */; };
		B64E1CD32AD38CC500A876CC /* Amplify in Frameworks */ = {isa = PBXBuildFile; productRef = B64E1CD22AD38CC500A876CC /* Amplify */; };
		B64E1CD72AD3923E00A876CC /* Error.swift in Sources */ = {isa = PBXBuildFile; fileRef = B64E1CD62AD3923E00A876CC /* Error.swift */; };
/* End PBXBuildFile section */

/* Begin PBXContainerItemProxy section */
		B61E20772AC9247100EF3CEB /* PBXContainerItemProxy */ = {
			isa = PBXContainerItemProxy;
			containerPortal = B61E205E2AC9247000EF3CEB /* Project object */;
			proxyType = 1;
			remoteGlobalIDString = B61E20652AC9247000EF3CEB;
			remoteInfo = ICE;
		};
		B61E20812AC9247100EF3CEB /* PBXContainerItemProxy */ = {
			isa = PBXContainerItemProxy;
			containerPortal = B61E205E2AC9247000EF3CEB /* Project object */;
			proxyType = 1;
			remoteGlobalIDString = B61E20652AC9247000EF3CEB;
			remoteInfo = ICE;
		};
/* End PBXContainerItemProxy section */

/* Begin PBXFileReference section */
		B61E20662AC9247000EF3CEB /* ICE.app */ = {isa = PBXFileReference; explicitFileType = wrapper.application; includeInIndex = 0; path = ICE.app; sourceTree = BUILT_PRODUCTS_DIR; };
		B61E20692AC9247000EF3CEB /* ICEApp.swift */ = {isa = PBXFileReference; lastKnownFileType = sourcecode.swift; path = ICEApp.swift; sourceTree = "<group>"; };
		B61E206B2AC9247000EF3CEB /* ContentView.swift */ = {isa = PBXFileReference; lastKnownFileType = sourcecode.swift; path = ContentView.swift; sourceTree = "<group>"; };
		B61E206D2AC9247100EF3CEB /* Assets.xcassets */ = {isa = PBXFileReference; lastKnownFileType = folder.assetcatalog; path = Assets.xcassets; sourceTree = "<group>"; };
		B61E20702AC9247100EF3CEB /* Preview Assets.xcassets */ = {isa = PBXFileReference; lastKnownFileType = folder.assetcatalog; path = "Preview Assets.xcassets"; sourceTree = "<group>"; };
		B61E20762AC9247100EF3CEB /* ICETests.xctest */ = {isa = PBXFileReference; explicitFileType = wrapper.cfbundle; includeInIndex = 0; path = ICETests.xctest; sourceTree = BUILT_PRODUCTS_DIR; };
		B61E207A2AC9247100EF3CEB /* ICETests.swift */ = {isa = PBXFileReference; lastKnownFileType = sourcecode.swift; path = ICETests.swift; sourceTree = "<group>"; };
		B61E20802AC9247100EF3CEB /* ICEUITests.xctest */ = {isa = PBXFileReference; explicitFileType = wrapper.cfbundle; includeInIndex = 0; path = ICEUITests.xctest; sourceTree = BUILT_PRODUCTS_DIR; };
		B61E20842AC9247100EF3CEB /* ICEUITests.swift */ = {isa = PBXFileReference; lastKnownFileType = sourcecode.swift; path = ICEUITests.swift; sourceTree = "<group>"; };
		B61E20862AC9247100EF3CEB /* ICEUITestsLaunchTests.swift */ = {isa = PBXFileReference; lastKnownFileType = sourcecode.swift; path = ICEUITestsLaunchTests.swift; sourceTree = "<group>"; };
		B64E1CBF2AD38B5B00A876CC /* AppDelegate.swift */ = {isa = PBXFileReference; lastKnownFileType = sourcecode.swift; path = AppDelegate.swift; sourceTree = "<group>"; };
		B64E1CC42AD38BCE00A876CC /* amplifyconfiguration_dev.json */ = {isa = PBXFileReference; fileEncoding = 4; lastKnownFileType = text.json; name = amplifyconfiguration_dev.json; path = ../../../../../Documents/amplifyconfiguration_dev.json; sourceTree = "<group>"; };
		B64E1CC62AD38BD700A876CC /* amplifyconfiguration_prod.json */ = {isa = PBXFileReference; fileEncoding = 4; lastKnownFileType = text.json; name = amplifyconfiguration_prod.json; path = ../../../../../Documents/amplifyconfiguration_prod.json; sourceTree = "<group>"; };
		B64E1CD42AD3916600A876CC /* Info.plist */ = {isa = PBXFileReference; lastKnownFileType = text.plist; path = Info.plist; sourceTree = "<group>"; };
		B64E1CD62AD3923E00A876CC /* Error.swift */ = {isa = PBXFileReference; lastKnownFileType = sourcecode.swift; path = Error.swift; sourceTree = "<group>"; };
/* End PBXFileReference section */

/* Begin PBXFrameworksBuildPhase section */
		B61E20632AC9247000EF3CEB /* Frameworks */ = {
			isa = PBXFrameworksBuildPhase;
			buildActionMask = 2147483647;
			files = (
				B64E1CCD2AD38CC500A876CC /* AWSAPIPlugin in Frameworks */,
				B64E1CD32AD38CC500A876CC /* Amplify in Frameworks */,
				B64E1CCF2AD38CC500A876CC /* AWSCognitoAuthPlugin in Frameworks */,
				B64E1CD12AD38CC500A876CC /* AWSPluginsCore in Frameworks */,
			);
			runOnlyForDeploymentPostprocessing = 0;
		};
		B61E20732AC9247100EF3CEB /* Frameworks */ = {
			isa = PBXFrameworksBuildPhase;
			buildActionMask = 2147483647;
			files = (
			);
			runOnlyForDeploymentPostprocessing = 0;
		};
		B61E207D2AC9247100EF3CEB /* Frameworks */ = {
			isa = PBXFrameworksBuildPhase;
			buildActionMask = 2147483647;
			files = (
			);
			runOnlyForDeploymentPostprocessing = 0;
		};
/* End PBXFrameworksBuildPhase section */

/* Begin PBXGroup section */
		B61E205D2AC9247000EF3CEB = {
			isa = PBXGroup;
			children = (
				B61E20682AC9247000EF3CEB /* ICE */,
				B61E20792AC9247100EF3CEB /* ICETests */,
				B61E20832AC9247100EF3CEB /* ICEUITests */,
				B61E20672AC9247000EF3CEB /* Products */,
			);
			sourceTree = "<group>";
		};
		B61E20672AC9247000EF3CEB /* Products */ = {
			isa = PBXGroup;
			children = (
				B61E20662AC9247000EF3CEB /* ICE.app */,
				B61E20762AC9247100EF3CEB /* ICETests.xctest */,
				B61E20802AC9247100EF3CEB /* ICEUITests.xctest */,
			);
			name = Products;
			sourceTree = "<group>";
		};
		B61E20682AC9247000EF3CEB /* ICE */ = {
			isa = PBXGroup;
			children = (
				B64E1CD42AD3916600A876CC /* Info.plist */,
				B64E1CC42AD38BCE00A876CC /* amplifyconfiguration_dev.json */,
				B64E1CC62AD38BD700A876CC /* amplifyconfiguration_prod.json */,
				B61E20692AC9247000EF3CEB /* ICEApp.swift */,
				B64E1CBF2AD38B5B00A876CC /* AppDelegate.swift */,
				B61E206B2AC9247000EF3CEB /* ContentView.swift */,
				B61E206D2AC9247100EF3CEB /* Assets.xcassets */,
				B64E1CD52AD3923000A876CC /* Enum */,
				B61E206F2AC9247100EF3CEB /* Preview Content */,
			);
			path = ICE;
			sourceTree = "<group>";
		};
		B61E206F2AC9247100EF3CEB /* Preview Content */ = {
			isa = PBXGroup;
			children = (
				B61E20702AC9247100EF3CEB /* Preview Assets.xcassets */,
			);
			path = "Preview Content";
			sourceTree = "<group>";
		};
		B61E20792AC9247100EF3CEB /* ICETests */ = {
			isa = PBXGroup;
			children = (
				B61E207A2AC9247100EF3CEB /* ICETests.swift */,
			);
			path = ICETests;
			sourceTree = "<group>";
		};
		B61E20832AC9247100EF3CEB /* ICEUITests */ = {
			isa = PBXGroup;
			children = (
				B61E20842AC9247100EF3CEB /* ICEUITests.swift */,
				B61E20862AC9247100EF3CEB /* ICEUITestsLaunchTests.swift */,
			);
			path = ICEUITests;
			sourceTree = "<group>";
		};
		B64E1CD52AD3923000A876CC /* Enum */ = {
			isa = PBXGroup;
			children = (
				B64E1CD62AD3923E00A876CC /* Error.swift */,
			);
			path = Enum;
			sourceTree = "<group>";
		};
/* End PBXGroup section */

/* Begin PBXNativeTarget section */
		B61E20652AC9247000EF3CEB /* ICE */ = {
			isa = PBXNativeTarget;
			buildConfigurationList = B61E208A2AC9247100EF3CEB /* Build configuration list for PBXNativeTarget "ICE" */;
			buildPhases = (
				B61E20622AC9247000EF3CEB /* Sources */,
				B61E20632AC9247000EF3CEB /* Frameworks */,
				B61E20642AC9247000EF3CEB /* Resources */,
			);
			buildRules = (
			);
			dependencies = (
			);
			name = ICE;
			packageProductDependencies = (
				B64E1CCC2AD38CC500A876CC /* AWSAPIPlugin */,
				B64E1CCE2AD38CC500A876CC /* AWSCognitoAuthPlugin */,
				B64E1CD02AD38CC500A876CC /* AWSPluginsCore */,
				B64E1CD22AD38CC500A876CC /* Amplify */,
			);
			productName = ICE;
			productReference = B61E20662AC9247000EF3CEB /* ICE.app */;
			productType = "com.apple.product-type.application";
		};
		B61E20752AC9247100EF3CEB /* ICETests */ = {
			isa = PBXNativeTarget;
			buildConfigurationList = B61E208D2AC9247100EF3CEB /* Build configuration list for PBXNativeTarget "ICETests" */;
			buildPhases = (
				B61E20722AC9247100EF3CEB /* Sources */,
				B61E20732AC9247100EF3CEB /* Frameworks */,
				B61E20742AC9247100EF3CEB /* Resources */,
			);
			buildRules = (
			);
			dependencies = (
				B61E20782AC9247100EF3CEB /* PBXTargetDependency */,
			);
			name = ICETests;
			productName = ICETests;
			productReference = B61E20762AC9247100EF3CEB /* ICETests.xctest */;
			productType = "com.apple.product-type.bundle.unit-test";
		};
		B61E207F2AC9247100EF3CEB /* ICEUITests */ = {
			isa = PBXNativeTarget;
			buildConfigurationList = B61E20902AC9247100EF3CEB /* Build configuration list for PBXNativeTarget "ICEUITests" */;
			buildPhases = (
				B61E207C2AC9247100EF3CEB /* Sources */,
				B61E207D2AC9247100EF3CEB /* Frameworks */,
				B61E207E2AC9247100EF3CEB /* Resources */,
			);
			buildRules = (
			);
			dependencies = (
				B61E20822AC9247100EF3CEB /* PBXTargetDependency */,
			);
			name = ICEUITests;
			productName = ICEUITests;
			productReference = B61E20802AC9247100EF3CEB /* ICEUITests.xctest */;
			productType = "com.apple.product-type.bundle.ui-testing";
		};
/* End PBXNativeTarget section */

/* Begin PBXProject section */
		B61E205E2AC9247000EF3CEB /* Project object */ = {
			isa = PBXProject;
			attributes = {
				BuildIndependentTargetsInParallel = 1;
				LastSwiftUpdateCheck = 1430;
				LastUpgradeCheck = 1430;
				TargetAttributes = {
					B61E20652AC9247000EF3CEB = {
						CreatedOnToolsVersion = 14.3;
					};
					B61E20752AC9247100EF3CEB = {
						CreatedOnToolsVersion = 14.3;
						TestTargetID = B61E20652AC9247000EF3CEB;
					};
					B61E207F2AC9247100EF3CEB = {
						CreatedOnToolsVersion = 14.3;
						TestTargetID = B61E20652AC9247000EF3CEB;
					};
				};
			};
			buildConfigurationList = B61E20612AC9247000EF3CEB /* Build configuration list for PBXProject "ICE" */;
			compatibilityVersion = "Xcode 14.0";
			developmentRegion = en;
			hasScannedForEncodings = 0;
			knownRegions = (
				en,
				Base,
			);
			mainGroup = B61E205D2AC9247000EF3CEB;
			packageReferences = (
				B64E1CCB2AD38CC500A876CC /* XCRemoteSwiftPackageReference "amplify-swift" */,
			);
			productRefGroup = B61E20672AC9247000EF3CEB /* Products */;
			projectDirPath = "";
			projectRoot = "";
			targets = (
				B61E20652AC9247000EF3CEB /* ICE */,
				B61E20752AC9247100EF3CEB /* ICETests */,
				B61E207F2AC9247100EF3CEB /* ICEUITests */,
			);
		};
/* End PBXProject section */

/* Begin PBXResourcesBuildPhase section */
		B61E20642AC9247000EF3CEB /* Resources */ = {
			isa = PBXResourcesBuildPhase;
			buildActionMask = 2147483647;
			files = (
				B61E20712AC9247100EF3CEB /* Preview Assets.xcassets in Resources */,
				B64E1CCA2AD38BD700A876CC /* amplifyconfiguration_prod.json in Resources */,
				B64E1CC92AD38BD700A876CC /* amplifyconfiguration_dev.json in Resources */,
				B61E206E2AC9247100EF3CEB /* Assets.xcassets in Resources */,
			);
			runOnlyForDeploymentPostprocessing = 0;
		};
		B61E20742AC9247100EF3CEB /* Resources */ = {
			isa = PBXResourcesBuildPhase;
			buildActionMask = 2147483647;
			files = (
			);
			runOnlyForDeploymentPostprocessing = 0;
		};
		B61E207E2AC9247100EF3CEB /* Resources */ = {
			isa = PBXResourcesBuildPhase;
			buildActionMask = 2147483647;
			files = (
			);
			runOnlyForDeploymentPostprocessing = 0;
		};
/* End PBXResourcesBuildPhase section */

/* Begin PBXSourcesBuildPhase section */
		B61E20622AC9247000EF3CEB /* Sources */ = {
			isa = PBXSourcesBuildPhase;
			buildActionMask = 2147483647;
			files = (
				B64E1CD72AD3923E00A876CC /* Error.swift in Sources */,
				B64E1CC02AD38B5B00A876CC /* AppDelegate.swift in Sources */,
				B61E206C2AC9247000EF3CEB /* ContentView.swift in Sources */,
				B61E206A2AC9247000EF3CEB /* ICEApp.swift in Sources */,
			);
			runOnlyForDeploymentPostprocessing = 0;
		};
		B61E20722AC9247100EF3CEB /* Sources */ = {
			isa = PBXSourcesBuildPhase;
			buildActionMask = 2147483647;
			files = (
				B61E207B2AC9247100EF3CEB /* ICETests.swift in Sources */,
			);
			runOnlyForDeploymentPostprocessing = 0;
		};
		B61E207C2AC9247100EF3CEB /* Sources */ = {
			isa = PBXSourcesBuildPhase;
			buildActionMask = 2147483647;
			files = (
				B61E20872AC9247100EF3CEB /* ICEUITestsLaunchTests.swift in Sources */,
				B61E20852AC9247100EF3CEB /* ICEUITests.swift in Sources */,
			);
			runOnlyForDeploymentPostprocessing = 0;
		};
/* End PBXSourcesBuildPhase section */

/* Begin PBXTargetDependency section */
		B61E20782AC9247100EF3CEB /* PBXTargetDependency */ = {
			isa = PBXTargetDependency;
			target = B61E20652AC9247000EF3CEB /* ICE */;
			targetProxy = B61E20772AC9247100EF3CEB /* PBXContainerItemProxy */;
		};
		B61E20822AC9247100EF3CEB /* PBXTargetDependency */ = {
			isa = PBXTargetDependency;
			target = B61E20652AC9247000EF3CEB /* ICE */;
			targetProxy = B61E20812AC9247100EF3CEB /* PBXContainerItemProxy */;
		};
/* End PBXTargetDependency section */

/* Begin XCBuildConfiguration section */
		B61E20882AC9247100EF3CEB /* Debug */ = {
			isa = XCBuildConfiguration;
			buildSettings = {
				ALWAYS_SEARCH_USER_PATHS = NO;
				AMPLIFY_CONFIG_FILE = amplifyconfiguration_dev;
				CLANG_ANALYZER_NONNULL = YES;
				CLANG_ANALYZER_NUMBER_OBJECT_CONVERSION = YES_AGGRESSIVE;
				CLANG_CXX_LANGUAGE_STANDARD = "gnu++20";
				CLANG_ENABLE_MODULES = YES;
				CLANG_ENABLE_OBJC_ARC = YES;
				CLANG_ENABLE_OBJC_WEAK = YES;
				CLANG_WARN_BLOCK_CAPTURE_AUTORELEASING = YES;
				CLANG_WARN_BOOL_CONVERSION = YES;
				CLANG_WARN_COMMA = YES;
				CLANG_WARN_CONSTANT_CONVERSION = YES;
				CLANG_WARN_DEPRECATED_OBJC_IMPLEMENTATIONS = YES;
				CLANG_WARN_DIRECT_OBJC_ISA_USAGE = YES_ERROR;
				CLANG_WARN_DOCUMENTATION_COMMENTS = YES;
				CLANG_WARN_EMPTY_BODY = YES;
				CLANG_WARN_ENUM_CONVERSION = YES;
				CLANG_WARN_INFINITE_RECURSION = YES;
				CLANG_WARN_INT_CONVERSION = YES;
				CLANG_WARN_NON_LITERAL_NULL_CONVERSION = YES;
				CLANG_WARN_OBJC_IMPLICIT_RETAIN_SELF = YES;
				CLANG_WARN_OBJC_LITERAL_CONVERSION = YES;
				CLANG_WARN_OBJC_ROOT_CLASS = YES_ERROR;
				CLANG_WARN_QUOTED_INCLUDE_IN_FRAMEWORK_HEADER = YES;
				CLANG_WARN_RANGE_LOOP_ANALYSIS = YES;
				CLANG_WARN_STRICT_PROTOTYPES = YES;
				CLANG_WARN_SUSPICIOUS_MOVE = YES;
				CLANG_WARN_UNGUARDED_AVAILABILITY = YES_AGGRESSIVE;
				CLANG_WARN_UNREACHABLE_CODE = YES;
				CLANG_WARN__DUPLICATE_METHOD_MATCH = YES;
				COPY_PHASE_STRIP = NO;
				DEBUG_INFORMATION_FORMAT = dwarf;
				ENABLE_STRICT_OBJC_MSGSEND = YES;
				ENABLE_TESTABILITY = YES;
				GCC_C_LANGUAGE_STANDARD = gnu11;
				GCC_DYNAMIC_NO_PIC = NO;
				GCC_NO_COMMON_BLOCKS = YES;
				GCC_OPTIMIZATION_LEVEL = 0;
				GCC_PREPROCESSOR_DEFINITIONS = (
					"DEBUG=1",
					"$(inherited)",
				);
				GCC_WARN_64_TO_32_BIT_CONVERSION = YES;
				GCC_WARN_ABOUT_RETURN_TYPE = YES_ERROR;
				GCC_WARN_UNDECLARED_SELECTOR = YES;
				GCC_WARN_UNINITIALIZED_AUTOS = YES_AGGRESSIVE;
				GCC_WARN_UNUSED_FUNCTION = YES;
				GCC_WARN_UNUSED_VARIABLE = YES;
				IPHONEOS_DEPLOYMENT_TARGET = 16.4;
				MTL_ENABLE_DEBUG_INFO = INCLUDE_SOURCE;
				MTL_FAST_MATH = YES;
				ONLY_ACTIVE_ARCH = YES;
				OTHER_SWIFT_FLAGS = "";
				PRODUCT_BUNDLE_IDENTIFIER = "";
				SAMPLE_DISPLAY_NAME_PREFIX = "";
				SDKROOT = iphoneos;
				SWIFT_ACTIVE_COMPILATION_CONDITIONS = DEBUG;
				SWIFT_OPTIMIZATION_LEVEL = "-Onone";
			};
			name = Debug;
		};
		B61E20892AC9247100EF3CEB /* Release */ = {
			isa = XCBuildConfiguration;
			buildSettings = {
				ALWAYS_SEARCH_USER_PATHS = NO;
				AMPLIFY_CONFIG_FILE = amplifyconfiguration_prod;
				CLANG_ANALYZER_NONNULL = YES;
				CLANG_ANALYZER_NUMBER_OBJECT_CONVERSION = YES_AGGRESSIVE;
				CLANG_CXX_LANGUAGE_STANDARD = "gnu++20";
				CLANG_ENABLE_MODULES = YES;
				CLANG_ENABLE_OBJC_ARC = YES;
				CLANG_ENABLE_OBJC_WEAK = YES;
				CLANG_WARN_BLOCK_CAPTURE_AUTORELEASING = YES;
				CLANG_WARN_BOOL_CONVERSION = YES;
				CLANG_WARN_COMMA = YES;
				CLANG_WARN_CONSTANT_CONVERSION = YES;
				CLANG_WARN_DEPRECATED_OBJC_IMPLEMENTATIONS = YES;
				CLANG_WARN_DIRECT_OBJC_ISA_USAGE = YES_ERROR;
				CLANG_WARN_DOCUMENTATION_COMMENTS = YES;
				CLANG_WARN_EMPTY_BODY = YES;
				CLANG_WARN_ENUM_CONVERSION = YES;
				CLANG_WARN_INFINITE_RECURSION = YES;
				CLANG_WARN_INT_CONVERSION = YES;
				CLANG_WARN_NON_LITERAL_NULL_CONVERSION = YES;
				CLANG_WARN_OBJC_IMPLICIT_RETAIN_SELF = YES;
				CLANG_WARN_OBJC_LITERAL_CONVERSION = YES;
				CLANG_WARN_OBJC_ROOT_CLASS = YES_ERROR;
				CLANG_WARN_QUOTED_INCLUDE_IN_FRAMEWORK_HEADER = YES;
				CLANG_WARN_RANGE_LOOP_ANALYSIS = YES;
				CLANG_WARN_STRICT_PROTOTYPES = YES;
				CLANG_WARN_SUSPICIOUS_MOVE = YES;
				CLANG_WARN_UNGUARDED_AVAILABILITY = YES_AGGRESSIVE;
				CLANG_WARN_UNREACHABLE_CODE = YES;
				CLANG_WARN__DUPLICATE_METHOD_MATCH = YES;
				COPY_PHASE_STRIP = NO;
				DEBUG_INFORMATION_FORMAT = "dwarf-with-dsym";
				ENABLE_NS_ASSERTIONS = NO;
				ENABLE_STRICT_OBJC_MSGSEND = YES;
				GCC_C_LANGUAGE_STANDARD = gnu11;
				GCC_NO_COMMON_BLOCKS = YES;
				GCC_WARN_64_TO_32_BIT_CONVERSION = YES;
				GCC_WARN_ABOUT_RETURN_TYPE = YES_ERROR;
				GCC_WARN_UNDECLARED_SELECTOR = YES;
				GCC_WARN_UNINITIALIZED_AUTOS = YES_AGGRESSIVE;
				GCC_WARN_UNUSED_FUNCTION = YES;
				GCC_WARN_UNUSED_VARIABLE = YES;
				IPHONEOS_DEPLOYMENT_TARGET = 16.4;
				MTL_ENABLE_DEBUG_INFO = NO;
				MTL_FAST_MATH = YES;
				PRODUCT_BUNDLE_IDENTIFIER = "";
				SAMPLE_DISPLAY_NAME_PREFIX = "";
				SDKROOT = iphoneos;
				SWIFT_COMPILATION_MODE = wholemodule;
				SWIFT_OPTIMIZATION_LEVEL = "-O";
				VALIDATE_PRODUCT = YES;
			};
			name = Release;
		};
		B61E208B2AC9247100EF3CEB /* Debug */ = {
			isa = XCBuildConfiguration;
			buildSettings = {
				AMPLIFY_CONFIG_FILE = amplifyconfiguration_dev;
				ASSETCATALOG_COMPILER_APPICON_NAME = AppIcon;
				ASSETCATALOG_COMPILER_GLOBAL_ACCENT_COLOR_NAME = AccentColor;
				CODE_SIGN_STYLE = Automatic;
				CURRENT_PROJECT_VERSION = 1;
				DEVELOPMENT_ASSET_PATHS = "\"ICE/Preview Content\"";
				DEVELOPMENT_TEAM = GJ2499U42D;
				ENABLE_PREVIEWS = YES;
				GENERATE_INFOPLIST_FILE = YES;
				INFOPLIST_FILE = ICE/Info.plist;
				INFOPLIST_KEY_UIApplicationSceneManifest_Generation = YES;
				INFOPLIST_KEY_UIApplicationSupportsIndirectInputEvents = YES;
				INFOPLIST_KEY_UILaunchScreen_Generation = YES;
				INFOPLIST_KEY_UISupportedInterfaceOrientations_iPad = "UIInterfaceOrientationPortrait UIInterfaceOrientationPortraitUpsideDown UIInterfaceOrientationLandscapeLeft UIInterfaceOrientationLandscapeRight";
				INFOPLIST_KEY_UISupportedInterfaceOrientations_iPhone = "UIInterfaceOrientationPortrait UIInterfaceOrientationLandscapeLeft UIInterfaceOrientationLandscapeRight";
				LD_RUNPATH_SEARCH_PATHS = (
					"$(inherited)",
					"@executable_path/Frameworks",
				);
				MARKETING_VERSION = 1.0;
				PRODUCT_BUNDLE_IDENTIFIER = com.jadigo.ICE;
				PRODUCT_NAME = "$(TARGET_NAME)";
				SWIFT_EMIT_LOC_STRINGS = YES;
				SWIFT_VERSION = 5.0;
				TARGETED_DEVICE_FAMILY = "1,2";
			};
			name = Debug;
		};
		B61E208C2AC9247100EF3CEB /* Release */ = {
			isa = XCBuildConfiguration;
			buildSettings = {
				AMPLIFY_CONFIG_FILE = amplifyconfiguration_prod;
				ASSETCATALOG_COMPILER_APPICON_NAME = AppIcon;
				ASSETCATALOG_COMPILER_GLOBAL_ACCENT_COLOR_NAME = AccentColor;
				CODE_SIGN_STYLE = Automatic;
				CURRENT_PROJECT_VERSION = 1;
				DEVELOPMENT_ASSET_PATHS = "\"ICE/Preview Content\"";
				DEVELOPMENT_TEAM = GJ2499U42D;
				ENABLE_PREVIEWS = YES;
				GENERATE_INFOPLIST_FILE = YES;
				INFOPLIST_FILE = ICE/Info.plist;
				INFOPLIST_KEY_UIApplicationSceneManifest_Generation = YES;
				INFOPLIST_KEY_UIApplicationSupportsIndirectInputEvents = YES;
				INFOPLIST_KEY_UILaunchScreen_Generation = YES;
				INFOPLIST_KEY_UISupportedInterfaceOrientations_iPad = "UIInterfaceOrientationPortrait UIInterfaceOrientationPortraitUpsideDown UIInterfaceOrientationLandscapeLeft UIInterfaceOrientationLandscapeRight";
				INFOPLIST_KEY_UISupportedInterfaceOrientations_iPhone = "UIInterfaceOrientationPortrait UIInterfaceOrientationLandscapeLeft UIInterfaceOrientationLandscapeRight";
				LD_RUNPATH_SEARCH_PATHS = (
					"$(inherited)",
					"@executable_path/Frameworks",
				);
				MARKETING_VERSION = 1.0;
				PRODUCT_BUNDLE_IDENTIFIER = com.jadigo.ICE;
				PRODUCT_NAME = "$(TARGET_NAME)";
				SAMPLE_DISPLAY_NAME_PREFIX = "";
				SWIFT_EMIT_LOC_STRINGS = YES;
				SWIFT_VERSION = 5.0;
				TARGETED_DEVICE_FAMILY = "1,2";
			};
			name = Release;
		};
		B61E208E2AC9247100EF3CEB /* Debug */ = {
			isa = XCBuildConfiguration;
			buildSettings = {
				ALWAYS_EMBED_SWIFT_STANDARD_LIBRARIES = YES;
				BUNDLE_LOADER = "$(TEST_HOST)";
				CODE_SIGN_STYLE = Automatic;
				CURRENT_PROJECT_VERSION = 1;
				DEVELOPMENT_TEAM = GJ2499U42D;
				GENERATE_INFOPLIST_FILE = YES;
				IPHONEOS_DEPLOYMENT_TARGET = 16.4;
				MARKETING_VERSION = 1.0;
				PRODUCT_BUNDLE_IDENTIFIER = "com.yuki-s-e.ICETests";
				PRODUCT_NAME = "$(TARGET_NAME)";
				SWIFT_EMIT_LOC_STRINGS = NO;
				SWIFT_VERSION = 5.0;
				TARGETED_DEVICE_FAMILY = "1,2";
				TEST_HOST = "$(BUILT_PRODUCTS_DIR)/ICE.app/$(BUNDLE_EXECUTABLE_FOLDER_PATH)/ICE";
			};
			name = Debug;
		};
		B61E208F2AC9247100EF3CEB /* Release */ = {
			isa = XCBuildConfiguration;
			buildSettings = {
				ALWAYS_EMBED_SWIFT_STANDARD_LIBRARIES = YES;
				BUNDLE_LOADER = "$(TEST_HOST)";
				CODE_SIGN_STYLE = Automatic;
				CURRENT_PROJECT_VERSION = 1;
				DEVELOPMENT_TEAM = GJ2499U42D;
				GENERATE_INFOPLIST_FILE = YES;
				IPHONEOS_DEPLOYMENT_TARGET = 16.4;
				MARKETING_VERSION = 1.0;
				PRODUCT_BUNDLE_IDENTIFIER = "com.yuki-s-e.ICETests";
				PRODUCT_NAME = "$(TARGET_NAME)";
				SWIFT_EMIT_LOC_STRINGS = NO;
				SWIFT_VERSION = 5.0;
				TARGETED_DEVICE_FAMILY = "1,2";
				TEST_HOST = "$(BUILT_PRODUCTS_DIR)/ICE.app/$(BUNDLE_EXECUTABLE_FOLDER_PATH)/ICE";
			};
			name = Release;
		};
		B61E20912AC9247100EF3CEB /* Debug */ = {
			isa = XCBuildConfiguration;
			buildSettings = {
				ALWAYS_EMBED_SWIFT_STANDARD_LIBRARIES = YES;
				CODE_SIGN_STYLE = Automatic;
				CURRENT_PROJECT_VERSION = 1;
				DEVELOPMENT_TEAM = GJ2499U42D;
				GENERATE_INFOPLIST_FILE = YES;
				MARKETING_VERSION = 1.0;
				PRODUCT_BUNDLE_IDENTIFIER = "com.yuki-s-e.ICEUITests";
				PRODUCT_NAME = "$(TARGET_NAME)";
				SWIFT_EMIT_LOC_STRINGS = NO;
				SWIFT_VERSION = 5.0;
				TARGETED_DEVICE_FAMILY = "1,2";
				TEST_TARGET_NAME = ICE;
			};
			name = Debug;
		};
		B61E20922AC9247100EF3CEB /* Release */ = {
			isa = XCBuildConfiguration;
			buildSettings = {
				ALWAYS_EMBED_SWIFT_STANDARD_LIBRARIES = YES;
				CODE_SIGN_STYLE = Automatic;
				CURRENT_PROJECT_VERSION = 1;
				DEVELOPMENT_TEAM = GJ2499U42D;
				GENERATE_INFOPLIST_FILE = YES;
				MARKETING_VERSION = 1.0;
				PRODUCT_BUNDLE_IDENTIFIER = "com.yuki-s-e.ICEUITests";
				PRODUCT_NAME = "$(TARGET_NAME)";
				SWIFT_EMIT_LOC_STRINGS = NO;
				SWIFT_VERSION = 5.0;
				TARGETED_DEVICE_FAMILY = "1,2";
				TEST_TARGET_NAME = ICE;
			};
			name = Release;
		};
		B64E1CBB2AD38AC200A876CC /* ProdDebug */ = {
			isa = XCBuildConfiguration;
			buildSettings = {
				ALWAYS_SEARCH_USER_PATHS = NO;
				AMPLIFY_CONFIG_FILE = amplifyconfiguration_prod;
				CLANG_ANALYZER_NONNULL = YES;
				CLANG_ANALYZER_NUMBER_OBJECT_CONVERSION = YES_AGGRESSIVE;
				CLANG_CXX_LANGUAGE_STANDARD = "gnu++20";
				CLANG_ENABLE_MODULES = YES;
				CLANG_ENABLE_OBJC_ARC = YES;
				CLANG_ENABLE_OBJC_WEAK = YES;
				CLANG_WARN_BLOCK_CAPTURE_AUTORELEASING = YES;
				CLANG_WARN_BOOL_CONVERSION = YES;
				CLANG_WARN_COMMA = YES;
				CLANG_WARN_CONSTANT_CONVERSION = YES;
				CLANG_WARN_DEPRECATED_OBJC_IMPLEMENTATIONS = YES;
				CLANG_WARN_DIRECT_OBJC_ISA_USAGE = YES_ERROR;
				CLANG_WARN_DOCUMENTATION_COMMENTS = YES;
				CLANG_WARN_EMPTY_BODY = YES;
				CLANG_WARN_ENUM_CONVERSION = YES;
				CLANG_WARN_INFINITE_RECURSION = YES;
				CLANG_WARN_INT_CONVERSION = YES;
				CLANG_WARN_NON_LITERAL_NULL_CONVERSION = YES;
				CLANG_WARN_OBJC_IMPLICIT_RETAIN_SELF = YES;
				CLANG_WARN_OBJC_LITERAL_CONVERSION = YES;
				CLANG_WARN_OBJC_ROOT_CLASS = YES_ERROR;
				CLANG_WARN_QUOTED_INCLUDE_IN_FRAMEWORK_HEADER = YES;
				CLANG_WARN_RANGE_LOOP_ANALYSIS = YES;
				CLANG_WARN_STRICT_PROTOTYPES = YES;
				CLANG_WARN_SUSPICIOUS_MOVE = YES;
				CLANG_WARN_UNGUARDED_AVAILABILITY = YES_AGGRESSIVE;
				CLANG_WARN_UNREACHABLE_CODE = YES;
				CLANG_WARN__DUPLICATE_METHOD_MATCH = YES;
				COPY_PHASE_STRIP = NO;
				DEBUG_INFORMATION_FORMAT = dwarf;
				ENABLE_STRICT_OBJC_MSGSEND = YES;
				ENABLE_TESTABILITY = YES;
				GCC_C_LANGUAGE_STANDARD = gnu11;
				GCC_DYNAMIC_NO_PIC = NO;
				GCC_NO_COMMON_BLOCKS = YES;
				GCC_OPTIMIZATION_LEVEL = 0;
				GCC_PREPROCESSOR_DEFINITIONS = (
					"DEBUG=1",
					"$(inherited)",
				);
				GCC_WARN_64_TO_32_BIT_CONVERSION = YES;
				GCC_WARN_ABOUT_RETURN_TYPE = YES_ERROR;
				GCC_WARN_UNDECLARED_SELECTOR = YES;
				GCC_WARN_UNINITIALIZED_AUTOS = YES_AGGRESSIVE;
				GCC_WARN_UNUSED_FUNCTION = YES;
				GCC_WARN_UNUSED_VARIABLE = YES;
				IPHONEOS_DEPLOYMENT_TARGET = 16.4;
				MTL_ENABLE_DEBUG_INFO = INCLUDE_SOURCE;
				MTL_FAST_MATH = YES;
				ONLY_ACTIVE_ARCH = YES;
				OTHER_SWIFT_FLAGS = "";
				PRODUCT_BUNDLE_IDENTIFIER = "";
				SAMPLE_DISPLAY_NAME_PREFIX = "";
				SDKROOT = iphoneos;
				SWIFT_ACTIVE_COMPILATION_CONDITIONS = PROD;
				SWIFT_OPTIMIZATION_LEVEL = "-Onone";
			};
			name = ProdDebug;
		};
		B64E1CBC2AD38AC200A876CC /* ProdDebug */ = {
			isa = XCBuildConfiguration;
			buildSettings = {
				AMPLIFY_CONFIG_FILE = amplifyconfiguration_prod;
				ASSETCATALOG_COMPILER_APPICON_NAME = AppIcon;
				ASSETCATALOG_COMPILER_GLOBAL_ACCENT_COLOR_NAME = AccentColor;
				CODE_SIGN_STYLE = Automatic;
				CURRENT_PROJECT_VERSION = 1;
				DEVELOPMENT_ASSET_PATHS = "\"ICE/Preview Content\"";
				DEVELOPMENT_TEAM = GJ2499U42D;
				ENABLE_PREVIEWS = YES;
				GENERATE_INFOPLIST_FILE = YES;
				INFOPLIST_FILE = ICE/Info.plist;
				INFOPLIST_KEY_UIApplicationSceneManifest_Generation = YES;
				INFOPLIST_KEY_UIApplicationSupportsIndirectInputEvents = YES;
				INFOPLIST_KEY_UILaunchScreen_Generation = YES;
				INFOPLIST_KEY_UISupportedInterfaceOrientations_iPad = "UIInterfaceOrientationPortrait UIInterfaceOrientationPortraitUpsideDown UIInterfaceOrientationLandscapeLeft UIInterfaceOrientationLandscapeRight";
				INFOPLIST_KEY_UISupportedInterfaceOrientations_iPhone = "UIInterfaceOrientationPortrait UIInterfaceOrientationLandscapeLeft UIInterfaceOrientationLandscapeRight";
				LD_RUNPATH_SEARCH_PATHS = (
					"$(inherited)",
					"@executable_path/Frameworks",
				);
				MARKETING_VERSION = 1.0;
				PRODUCT_BUNDLE_IDENTIFIER = com.jadigo.ICE;
				PRODUCT_NAME = "$(TARGET_NAME)";
				SWIFT_EMIT_LOC_STRINGS = YES;
				SWIFT_VERSION = 5.0;
				TARGETED_DEVICE_FAMILY = "1,2";
			};
			name = ProdDebug;
		};
		B64E1CBD2AD38AC200A876CC /* ProdDebug */ = {
			isa = XCBuildConfiguration;
			buildSettings = {
				ALWAYS_EMBED_SWIFT_STANDARD_LIBRARIES = YES;
				BUNDLE_LOADER = "$(TEST_HOST)";
				CODE_SIGN_STYLE = Automatic;
				CURRENT_PROJECT_VERSION = 1;
				DEVELOPMENT_TEAM = GJ2499U42D;
				GENERATE_INFOPLIST_FILE = YES;
				IPHONEOS_DEPLOYMENT_TARGET = 16.4;
				MARKETING_VERSION = 1.0;
				PRODUCT_BUNDLE_IDENTIFIER = "com.yuki-s-e.ICETests";
				PRODUCT_NAME = "$(TARGET_NAME)";
				SWIFT_EMIT_LOC_STRINGS = NO;
				SWIFT_VERSION = 5.0;
				TARGETED_DEVICE_FAMILY = "1,2";
				TEST_HOST = "$(BUILT_PRODUCTS_DIR)/ICE.app/$(BUNDLE_EXECUTABLE_FOLDER_PATH)/ICE";
			};
			name = ProdDebug;
		};
		B64E1CBE2AD38AC200A876CC /* ProdDebug */ = {
			isa = XCBuildConfiguration;
			buildSettings = {
				ALWAYS_EMBED_SWIFT_STANDARD_LIBRARIES = YES;
				CODE_SIGN_STYLE = Automatic;
				CURRENT_PROJECT_VERSION = 1;
				DEVELOPMENT_TEAM = GJ2499U42D;
				GENERATE_INFOPLIST_FILE = YES;
				MARKETING_VERSION = 1.0;
				PRODUCT_BUNDLE_IDENTIFIER = "com.yuki-s-e.ICEUITests";
				PRODUCT_NAME = "$(TARGET_NAME)";
				SWIFT_EMIT_LOC_STRINGS = NO;
				SWIFT_VERSION = 5.0;
				TARGETED_DEVICE_FAMILY = "1,2";
				TEST_TARGET_NAME = ICE;
			};
			name = ProdDebug;
		};
/* End XCBuildConfiguration section */

/* Begin XCConfigurationList section */
		B61E20612AC9247000EF3CEB /* Build configuration list for PBXProject "ICE" */ = {
			isa = XCConfigurationList;
			buildConfigurations = (
				B61E20882AC9247100EF3CEB /* Debug */,
				B64E1CBB2AD38AC200A876CC /* ProdDebug */,
				B61E20892AC9247100EF3CEB /* Release */,
			);
			defaultConfigurationIsVisible = 0;
			defaultConfigurationName = Debug;
		};
		B61E208A2AC9247100EF3CEB /* Build configuration list for PBXNativeTarget "ICE" */ = {
			isa = XCConfigurationList;
			buildConfigurations = (
				B61E208B2AC9247100EF3CEB /* Debug */,
				B64E1CBC2AD38AC200A876CC /* ProdDebug */,
				B61E208C2AC9247100EF3CEB /* Release */,
			);
			defaultConfigurationIsVisible = 0;
			defaultConfigurationName = Debug;
		};
		B61E208D2AC9247100EF3CEB /* Build configuration list for PBXNativeTarget "ICETests" */ = {
			isa = XCConfigurationList;
			buildConfigurations = (
				B61E208E2AC9247100EF3CEB /* Debug */,
				B64E1CBD2AD38AC200A876CC /* ProdDebug */,
				B61E208F2AC9247100EF3CEB /* Release */,
			);
			defaultConfigurationIsVisible = 0;
			defaultConfigurationName = Debug;
		};
		B61E20902AC9247100EF3CEB /* Build configuration list for PBXNativeTarget "ICEUITests" */ = {
			isa = XCConfigurationList;
			buildConfigurations = (
				B61E20912AC9247100EF3CEB /* Debug */,
				B64E1CBE2AD38AC200A876CC /* ProdDebug */,
				B61E20922AC9247100EF3CEB /* Release */,
			);
			defaultConfigurationIsVisible = 0;
			defaultConfigurationName = Debug;
		};
/* End XCConfigurationList section */

/* Begin XCRemoteSwiftPackageReference section */
		B64E1CCB2AD38CC500A876CC /* XCRemoteSwiftPackageReference "amplify-swift" */ = {
			isa = XCRemoteSwiftPackageReference;
			repositoryURL = "https://github.com/aws-amplify/amplify-swift";
			requirement = {
				kind = upToNextMajorVersion;
				minimumVersion = 2.19.0;
			};
		};
/* End XCRemoteSwiftPackageReference section */

/* Begin XCSwiftPackageProductDependency section */
		B64E1CCC2AD38CC500A876CC /* AWSAPIPlugin */ = {
			isa = XCSwiftPackageProductDependency;
			package = B64E1CCB2AD38CC500A876CC /* XCRemoteSwiftPackageReference "amplify-swift" */;
			productName = AWSAPIPlugin;
		};
		B64E1CCE2AD38CC500A876CC /* AWSCognitoAuthPlugin */ = {
			isa = XCSwiftPackageProductDependency;
			package = B64E1CCB2AD38CC500A876CC /* XCRemoteSwiftPackageReference "amplify-swift" */;
			productName = AWSCognitoAuthPlugin;
		};
		B64E1CD02AD38CC500A876CC /* AWSPluginsCore */ = {
			isa = XCSwiftPackageProductDependency;
			package = B64E1CCB2AD38CC500A876CC /* XCRemoteSwiftPackageReference "amplify-swift" */;
			productName = AWSPluginsCore;
		};
		B64E1CD22AD38CC500A876CC /* Amplify */ = {
			isa = XCSwiftPackageProductDependency;
			package = B64E1CCB2AD38CC500A876CC /* XCRemoteSwiftPackageReference "amplify-swift" */;
			productName = Amplify;
		};
/* End XCSwiftPackageProductDependency section */
	};
	rootObject = B61E205E2AC9247000EF3CEB /* Project object */;
}
